// !$*UTF8*$!
{
	archiveVersion = 1;
	classes = {
	};
	objectVersion = 46;
	objects = {

/* Begin PBXBuildFile section */
		CA06A8CB187A488A00C9A56C /* AVFoundation.framework in Frameworks */ = {isa = PBXBuildFile; fileRef = CA06A8CA187A488A00C9A56C /* AVFoundation.framework */; };
		CA945762187A40C1002A04D7 /* Foundation.framework in Frameworks */ = {isa = PBXBuildFile; fileRef = CA945761187A40C1002A04D7 /* Foundation.framework */; };
		CA945764187A40C2002A04D7 /* CoreGraphics.framework in Frameworks */ = {isa = PBXBuildFile; fileRef = CA945763187A40C2002A04D7 /* CoreGraphics.framework */; };
		CA945766187A40C2002A04D7 /* UIKit.framework in Frameworks */ = {isa = PBXBuildFile; fileRef = CA945765187A40C2002A04D7 /* UIKit.framework */; };
		CA94576C187A40C2002A04D7 /* InfoPlist.strings in Resources */ = {isa = PBXBuildFile; fileRef = CA94576A187A40C2002A04D7 /* InfoPlist.strings */; };
		CA94576E187A40C2002A04D7 /* main.m in Sources */ = {isa = PBXBuildFile; fileRef = CA94576D187A40C2002A04D7 /* main.m */; };
		CA945772187A40C2002A04D7 /* AppDelegate.m in Sources */ = {isa = PBXBuildFile; fileRef = CA945771187A40C2002A04D7 /* AppDelegate.m */; };
		CA945775187A40C2002A04D7 /* Main.storyboard in Resources */ = {isa = PBXBuildFile; fileRef = CA945773187A40C2002A04D7 /* Main.storyboard */; };
		CA945778187A40C2002A04D7 /* ViewController.m in Sources */ = {isa = PBXBuildFile; fileRef = CA945777187A40C2002A04D7 /* ViewController.m */; };
		CA94577A187A40C2002A04D7 /* Images.xcassets in Resources */ = {isa = PBXBuildFile; fileRef = CA945779187A40C2002A04D7 /* Images.xcassets */; };
		CA945781187A40C2002A04D7 /* XCTest.framework in Frameworks */ = {isa = PBXBuildFile; fileRef = CA945780187A40C2002A04D7 /* XCTest.framework */; };
		CA945782187A40C2002A04D7 /* Foundation.framework in Frameworks */ = {isa = PBXBuildFile; fileRef = CA945761187A40C1002A04D7 /* Foundation.framework */; };
		CA945783187A40C2002A04D7 /* UIKit.framework in Frameworks */ = {isa = PBXBuildFile; fileRef = CA945765187A40C2002A04D7 /* UIKit.framework */; };
		CA94578B187A40C2002A04D7 /* InfoPlist.strings in Resources */ = {isa = PBXBuildFile; fileRef = CA945789187A40C2002A04D7 /* InfoPlist.strings */; };
		CA94578D187A40C2002A04D7 /* MusicPlayerTests.m in Sources */ = {isa = PBXBuildFile; fileRef = CA94578C187A40C2002A04D7 /* MusicPlayerTests.m */; };
		CA945799187A4254002A04D7 /* 15 Lazy.mp3 in Resources */ = {isa = PBXBuildFile; fileRef = CA945797187A4254002A04D7 /* 15 Lazy.mp3 */; };
		CA94579A187A4254002A04D7 /* test.caf in Resources */ = {isa = PBXBuildFile; fileRef = CA945798187A4254002A04D7 /* test.caf */; };
/* End PBXBuildFile section */

/* Begin PBXContainerItemProxy section */
		CA945784187A40C2002A04D7 /* PBXContainerItemProxy */ = {
			isa = PBXContainerItemProxy;
			containerPortal = CA945756187A40C1002A04D7 /* Project object */;
			proxyType = 1;
			remoteGlobalIDString = CA94575D187A40C1002A04D7;
			remoteInfo = MusicPlayer;
		};
/* End PBXContainerItemProxy section */

/* Begin PBXFileReference section */
		CA06A8CA187A488A00C9A56C /* AVFoundation.framework */ = {isa = PBXFileReference; lastKnownFileType = wrapper.framework; name = AVFoundation.framework; path = System/Library/Frameworks/AVFoundation.framework; sourceTree = SDKROOT; };
		CA94575E187A40C1002A04D7 /* MusicPlayer.app */ = {isa = PBXFileReference; explicitFileType = wrapper.application; includeInIndex = 0; path = MusicPlayer.app; sourceTree = BUILT_PRODUCTS_DIR; };
		CA945761187A40C1002A04D7 /* Foundation.framework */ = {isa = PBXFileReference; lastKnownFileType = wrapper.framework; name = Foundation.framework; path = System/Library/Frameworks/Foundation.framework; sourceTree = SDKROOT; };
		CA945763187A40C2002A04D7 /* CoreGraphics.framework */ = {isa = PBXFileReference; lastKnownFileType = wrapper.framework; name = CoreGraphics.framework; path = System/Library/Frameworks/CoreGraphics.framework; sourceTree = SDKROOT; };
		CA945765187A40C2002A04D7 /* UIKit.framework */ = {isa = PBXFileReference; lastKnownFileType = wrapper.framework; name = UIKit.framework; path = System/Library/Frameworks/UIKit.framework; sourceTree = SDKROOT; };
		CA945769187A40C2002A04D7 /* MusicPlayer-Info.plist */ = {isa = PBXFileReference; lastKnownFileType = text.plist.xml; path = "MusicPlayer-Info.plist"; sourceTree = "<group>"; };
		CA94576B187A40C2002A04D7 /* en */ = {isa = PBXFileReference; lastKnownFileType = text.plist.strings; name = en; path = en.lproj/InfoPlist.strings; sourceTree = "<group>"; };
		CA94576D187A40C2002A04D7 /* main.m */ = {isa = PBXFileReference; lastKnownFileType = sourcecode.c.objc; path = main.m; sourceTree = "<group>"; };
		CA94576F187A40C2002A04D7 /* MusicPlayer-Prefix.pch */ = {isa = PBXFileReference; lastKnownFileType = sourcecode.c.h; path = "MusicPlayer-Prefix.pch"; sourceTree = "<group>"; };
		CA945770187A40C2002A04D7 /* AppDelegate.h */ = {isa = PBXFileReference; lastKnownFileType = sourcecode.c.h; path = AppDelegate.h; sourceTree = "<group>"; };
		CA945771187A40C2002A04D7 /* AppDelegate.m */ = {isa = PBXFileReference; lastKnownFileType = sourcecode.c.objc; path = AppDelegate.m; sourceTree = "<group>"; };
		CA945774187A40C2002A04D7 /* Base */ = {isa = PBXFileReference; lastKnownFileType = file.storyboard; name = Base; path = Base.lproj/Main.storyboard; sourceTree = "<group>"; };
		CA945776187A40C2002A04D7 /* ViewController.h */ = {isa = PBXFileReference; lastKnownFileType = sourcecode.c.h; path = ViewController.h; sourceTree = "<group>"; };
		CA945777187A40C2002A04D7 /* ViewController.m */ = {isa = PBXFileReference; lastKnownFileType = sourcecode.c.objc; path = ViewController.m; sourceTree = "<group>"; };
		CA945779187A40C2002A04D7 /* Images.xcassets */ = {isa = PBXFileReference; lastKnownFileType = folder.assetcatalog; path = Images.xcassets; sourceTree = "<group>"; };
		CA94577F187A40C2002A04D7 /* MusicPlayerTests.xctest */ = {isa = PBXFileReference; explicitFileType = wrapper.cfbundle; includeInIndex = 0; path = MusicPlayerTests.xctest; sourceTree = BUILT_PRODUCTS_DIR; };
		CA945780187A40C2002A04D7 /* XCTest.framework */ = {isa = PBXFileReference; lastKnownFileType = wrapper.framework; name = XCTest.framework; path = Library/Frameworks/XCTest.framework; sourceTree = DEVELOPER_DIR; };
		CA945788187A40C2002A04D7 /* MusicPlayerTests-Info.plist */ = {isa = PBXFileReference; lastKnownFileType = text.plist.xml; path = "MusicPlayerTests-Info.plist"; sourceTree = "<group>"; };
		CA94578A187A40C2002A04D7 /* en */ = {isa = PBXFileReference; lastKnownFileType = text.plist.strings; name = en; path = en.lproj/InfoPlist.strings; sourceTree = "<group>"; };
		CA94578C187A40C2002A04D7 /* MusicPlayerTests.m */ = {isa = PBXFileReference; lastKnownFileType = sourcecode.c.objc; path = MusicPlayerTests.m; sourceTree = "<group>"; };
		CA945797187A4254002A04D7 /* 15 Lazy.mp3 */ = {isa = PBXFileReference; lastKnownFileType = audio.mp3; path = "15 Lazy.mp3"; sourceTree = "<group>"; };
		CA945798187A4254002A04D7 /* test.caf */ = {isa = PBXFileReference; lastKnownFileType = file; path = test.caf; sourceTree = "<group>"; };
/* End PBXFileReference section */

/* Begin PBXFrameworksBuildPhase section */
		CA94575B187A40C1002A04D7 /* Frameworks */ = {
			isa = PBXFrameworksBuildPhase;
			buildActionMask = 2147483647;
			files = (
				CA06A8CB187A488A00C9A56C /* AVFoundation.framework in Frameworks */,
				CA945764187A40C2002A04D7 /* CoreGraphics.framework in Frameworks */,
				CA945766187A40C2002A04D7 /* UIKit.framework in Frameworks */,
				CA945762187A40C1002A04D7 /* Foundation.framework in Frameworks */,
			);
			runOnlyForDeploymentPostprocessing = 0;
		};
		CA94577C187A40C2002A04D7 /* Frameworks */ = {
			isa = PBXFrameworksBuildPhase;
			buildActionMask = 2147483647;
			files = (
				CA945781187A40C2002A04D7 /* XCTest.framework in Frameworks */,
				CA945783187A40C2002A04D7 /* UIKit.framework in Frameworks */,
				CA945782187A40C2002A04D7 /* Foundation.framework in Frameworks */,
			);
			runOnlyForDeploymentPostprocessing = 0;
		};
/* End PBXFrameworksBuildPhase section */

/* Begin PBXGroup section */
		CA945755187A40C1002A04D7 = {
			isa = PBXGroup;
			children = (
				CA945796187A4254002A04D7 /* resource */,
				CA945767187A40C2002A04D7 /* MusicPlayer */,
				CA945786187A40C2002A04D7 /* MusicPlayerTests */,
				CA945760187A40C1002A04D7 /* Frameworks */,
				CA94575F187A40C1002A04D7 /* Products */,
			);
			sourceTree = "<group>";
		};
		CA94575F187A40C1002A04D7 /* Products */ = {
			isa = PBXGroup;
			children = (
				CA94575E187A40C1002A04D7 /* MusicPlayer.app */,
				CA94577F187A40C2002A04D7 /* MusicPlayerTests.xctest */,
			);
			name = Products;
			sourceTree = "<group>";
		};
		CA945760187A40C1002A04D7 /* Frameworks */ = {
			isa = PBXGroup;
			children = (
				CA06A8CA187A488A00C9A56C /* AVFoundation.framework */,
				CA945761187A40C1002A04D7 /* Foundation.framework */,
				CA945763187A40C2002A04D7 /* CoreGraphics.framework */,
				CA945765187A40C2002A04D7 /* UIKit.framework */,
				CA945780187A40C2002A04D7 /* XCTest.framework */,
			);
			name = Frameworks;
			sourceTree = "<group>";
		};
		CA945767187A40C2002A04D7 /* MusicPlayer */ = {
			isa = PBXGroup;
			children = (
				CA945770187A40C2002A04D7 /* AppDelegate.h */,
				CA945771187A40C2002A04D7 /* AppDelegate.m */,
				CA945773187A40C2002A04D7 /* Main.storyboard */,
				CA945776187A40C2002A04D7 /* ViewController.h */,
				CA945777187A40C2002A04D7 /* ViewController.m */,
				CA945779187A40C2002A04D7 /* Images.xcassets */,
				CA945768187A40C2002A04D7 /* Supporting Files */,
			);
			path = MusicPlayer;
			sourceTree = "<group>";
		};
		CA945768187A40C2002A04D7 /* Supporting Files */ = {
			isa = PBXGroup;
			children = (
				CA945769187A40C2002A04D7 /* MusicPlayer-Info.plist */,
				CA94576A187A40C2002A04D7 /* InfoPlist.strings */,
				CA94576D187A40C2002A04D7 /* main.m */,
				CA94576F187A40C2002A04D7 /* MusicPlayer-Prefix.pch */,
			);
			name = "Supporting Files";
			sourceTree = "<group>";
		};
		CA945786187A40C2002A04D7 /* MusicPlayerTests */ = {
			isa = PBXGroup;
			children = (
				CA94578C187A40C2002A04D7 /* MusicPlayerTests.m */,
				CA945787187A40C2002A04D7 /* Supporting Files */,
			);
			path = MusicPlayerTests;
			sourceTree = "<group>";
		};
		CA945787187A40C2002A04D7 /* Supporting Files */ = {
			isa = PBXGroup;
			children = (
				CA945788187A40C2002A04D7 /* MusicPlayerTests-Info.plist */,
				CA945789187A40C2002A04D7 /* InfoPlist.strings */,
			);
			name = "Supporting Files";
			sourceTree = "<group>";
		};
		CA945796187A4254002A04D7 /* resource */ = {
			isa = PBXGroup;
			children = (
				CA945797187A4254002A04D7 /* 15 Lazy.mp3 */,
				CA945798187A4254002A04D7 /* test.caf */,
			);
			path = resource;
			sourceTree = "<group>";
		};
/* End PBXGroup section */

/* Begin PBXNativeTarget section */
		CA94575D187A40C1002A04D7 /* MusicPlayer */ = {
			isa = PBXNativeTarget;
			buildConfigurationList = CA945790187A40C3002A04D7 /* Build configuration list for PBXNativeTarget "MusicPlayer" */;
			buildPhases = (
				CA94575A187A40C1002A04D7 /* Sources */,
				CA94575B187A40C1002A04D7 /* Frameworks */,
				CA94575C187A40C1002A04D7 /* Resources */,
			);
			buildRules = (
			);
			dependencies = (
			);
			name = MusicPlayer;
			productName = MusicPlayer;
			productReference = CA94575E187A40C1002A04D7 /* MusicPlayer.app */;
			productType = "com.apple.product-type.application";
		};
		CA94577E187A40C2002A04D7 /* MusicPlayerTests */ = {
			isa = PBXNativeTarget;
			buildConfigurationList = CA945793187A40C3002A04D7 /* Build configuration list for PBXNativeTarget "MusicPlayerTests" */;
			buildPhases = (
				CA94577B187A40C2002A04D7 /* Sources */,
				CA94577C187A40C2002A04D7 /* Frameworks */,
				CA94577D187A40C2002A04D7 /* Resources */,
			);
			buildRules = (
			);
			dependencies = (
				CA945785187A40C2002A04D7 /* PBXTargetDependency */,
			);
			name = MusicPlayerTests;
			productName = MusicPlayerTests;
			productReference = CA94577F187A40C2002A04D7 /* MusicPlayerTests.xctest */;
			productType = "com.apple.product-type.bundle.unit-test";
		};
/* End PBXNativeTarget section */

/* Begin PBXProject section */
		CA945756187A40C1002A04D7 /* Project object */ = {
			isa = PBXProject;
			attributes = {
				LastUpgradeCheck = 0500;
				ORGANIZATIONNAME = tonyguan;
				TargetAttributes = {
					CA94577E187A40C2002A04D7 = {
						TestTargetID = CA94575D187A40C1002A04D7;
					};
				};
			};
			buildConfigurationList = CA945759187A40C1002A04D7 /* Build configuration list for PBXProject "MusicPlayer" */;
			compatibilityVersion = "Xcode 3.2";
			developmentRegion = English;
			hasScannedForEncodings = 0;
			knownRegions = (
				en,
				Base,
			);
			mainGroup = CA945755187A40C1002A04D7;
			productRefGroup = CA94575F187A40C1002A04D7 /* Products */;
			projectDirPath = "";
			projectRoot = "";
			targets = (
				CA94575D187A40C1002A04D7 /* MusicPlayer */,
				CA94577E187A40C2002A04D7 /* MusicPlayerTests */,
			);
		};
/* End PBXProject section */

/* Begin PBXResourcesBuildPhase section */
		CA94575C187A40C1002A04D7 /* Resources */ = {
			isa = PBXResourcesBuildPhase;
			buildActionMask = 2147483647;
			files = (
				CA94577A187A40C2002A04D7 /* Images.xcassets in Resources */,
				CA94576C187A40C2002A04D7 /* InfoPlist.strings in Resources */,
				CA945775187A40C2002A04D7 /* Main.storyboard in Resources */,
				CA94579A187A4254002A04D7 /* test.caf in Resources */,
				CA945799187A4254002A04D7 /* 15 Lazy.mp3 in Resources */,
			);
			runOnlyForDeploymentPostprocessing = 0;
		};
		CA94577D187A40C2002A04D7 /* Resources */ = {
			isa = PBXResourcesBuildPhase;
			buildActionMask = 2147483647;
			files = (
				CA94578B187A40C2002A04D7 /* InfoPlist.strings in Resources */,
			);
			runOnlyForDeploymentPostprocessing = 0;
		};
/* End PBXResourcesBuildPhase section */

/* Begin PBXSourcesBuildPhase section */
		CA94575A187A40C1002A04D7 /* Sources */ = {
			isa = PBXSourcesBuildPhase;
			buildActionMask = 2147483647;
			files = (
				CA945778187A40C2002A04D7 /* ViewController.m in Sources */,
				CA945772187A40C2002A04D7 /* AppDelegate.m in Sources */,
				CA94576E187A40C2002A04D7 /* main.m in Sources */,
			);
			runOnlyForDeploymentPostprocessing = 0;
		};
		CA94577B187A40C2002A04D7 /* Sources */ = {
			isa = PBXSourcesBuildPhase;
			buildActionMask = 2147483647;
			files = (
				CA94578D187A40C2002A04D7 /* MusicPlayerTests.m in Sources */,
			);
			runOnlyForDeploymentPostprocessing = 0;
		};
/* End PBXSourcesBuildPhase section */

/* Begin PBXTargetDependency section */
		CA945785187A40C2002A04D7 /* PBXTargetDependency */ = {
			isa = PBXTargetDependency;
			target = CA94575D187A40C1002A04D7 /* MusicPlayer */;
			targetProxy = CA945784187A40C2002A04D7 /* PBXContainerItemProxy */;
		};
/* End PBXTargetDependency section */

/* Begin PBXVariantGroup section */
		CA94576A187A40C2002A04D7 /* InfoPlist.strings */ = {
			isa = PBXVariantGroup;
			children = (
				CA94576B187A40C2002A04D7 /* en */,
			);
			name = InfoPlist.strings;
			sourceTree = "<group>";
		};
		CA945773187A40C2002A04D7 /* Main.storyboard */ = {
			isa = PBXVariantGroup;
			children = (
				CA945774187A40C2002A04D7 /* Base */,
			);
			name = Main.storyboard;
			sourceTree = "<group>";
		};
		CA945789187A40C2002A04D7 /* InfoPlist.strings */ = {
			isa = PBXVariantGroup;
			children = (
				CA94578A187A40C2002A04D7 /* en */,
			);
			name = InfoPlist.strings;
			sourceTree = "<group>";
		};
/* End PBXVariantGroup section */

/* Begin XCBuildConfiguration section */
		CA94578E187A40C3002A04D7 /* Debug */ = {
			isa = XCBuildConfiguration;
			buildSettings = {
				ALWAYS_SEARCH_USER_PATHS = NO;
				ARCHS = "$(ARCHS_STANDARD_INCLUDING_64_BIT)";
				CLANG_CXX_LANGUAGE_STANDARD = "gnu++0x";
				CLANG_CXX_LIBRARY = "libc++";
				CLANG_ENABLE_MODULES = YES;
				CLANG_ENABLE_OBJC_ARC = YES;
				CLANG_WARN_BOOL_CONVERSION = YES;
				CLANG_WARN_CONSTANT_CONVERSION = YES;
				CLANG_WARN_DIRECT_OBJC_ISA_USAGE = YES_ERROR;
				CLANG_WARN_EMPTY_BODY = YES;
				CLANG_WARN_ENUM_CONVERSION = YES;
				CLANG_WARN_INT_CONVERSION = YES;
				CLANG_WARN_OBJC_ROOT_CLASS = YES_ERROR;
				CLANG_WARN__DUPLICATE_METHOD_MATCH = YES;
				"CODE_SIGN_IDENTITY[sdk=iphoneos*]" = "iPhone Developer";
				COPY_PHASE_STRIP = NO;
				GCC_C_LANGUAGE_STANDARD = gnu99;
				GCC_DYNAMIC_NO_PIC = NO;
				GCC_OPTIMIZATION_LEVEL = 0;
				GCC_PREPROCESSOR_DEFINITIONS = (
					"DEBUG=1",
					"$(inherited)",
				);
				GCC_SYMBOLS_PRIVATE_EXTERN = NO;
				GCC_WARN_64_TO_32_BIT_CONVERSION = YES;
				GCC_WARN_ABOUT_RETURN_TYPE = YES_ERROR;
				GCC_WARN_UNDECLARED_SELECTOR = YES;
				GCC_WARN_UNINITIALIZED_AUTOS = YES;
				GCC_WARN_UNUSED_FUNCTION = YES;
				GCC_WARN_UNUSED_VARIABLE = YES;
				IPHONEOS_DEPLOYMENT_TARGET = 7.0;
				ONLY_ACTIVE_ARCH = YES;
				SDKROOT = iphoneos;
			};
			name = Debug;
		};
		CA94578F187A40C3002A04D7 /* Release */ = {
			isa = XCBuildConfiguration;
			buildSettings = {
				ALWAYS_SEARCH_USER_PATHS = NO;
				ARCHS = "$(ARCHS_STANDARD_INCLUDING_64_BIT)";
				CLANG_CXX_LANGUAGE_STANDARD = "gnu++0x";
				CLANG_CXX_LIBRARY = "libc++";
				CLANG_ENABLE_MODULES = YES;
				CLANG_ENABLE_OBJC_ARC = YES;
				CLANG_WARN_BOOL_CONVERSION = YES;
				CLANG_WARN_CONSTANT_CONVERSION = YES;
				CLANG_WARN_DIRECT_OBJC_ISA_USAGE = YES_ERROR;
				CLANG_WARN_EMPTY_BODY = YES;
				CLANG_WARN_ENUM_CONVERSION = YES;
				CLANG_WARN_INT_CONVERSION = YES;
				CLANG_WARN_OBJC_ROOT_CLASS = YES_ERROR;
				CLANG_WARN__DUPLICATE_METHOD_MATCH = YES;
				"CODE_SIGN_IDENTITY[sdk=iphoneos*]" = "iPhone Developer";
				COPY_PHASE_STRIP = YES;
				ENABLE_NS_ASSERTIONS = NO;
				GCC_C_LANGUAGE_STANDARD = gnu99;
				GCC_WARN_64_TO_32_BIT_CONVERSION = YES;
				GCC_WARN_ABOUT_RETURN_TYPE = YES_ERROR;
				GCC_WARN_UNDECLARED_SELECTOR = YES;
				GCC_WARN_UNINITIALIZED_AUTOS = YES;
				GCC_WARN_UNUSED_FUNCTION = YES;
				GCC_WARN_UNUSED_VARIABLE = YES;
				IPHONEOS_DEPLOYMENT_TARGET = 7.0;
				SDKROOT = iphoneos;
				VALIDATE_PRODUCT = YES;
			};
			name = Release;
		};
		CA945791187A40C3002A04D7 /* Debug */ = {
			isa = XCBuildConfiguration;
			buildSettings = {
				ASSETCATALOG_COMPILER_APPICON_NAME = AppIcon;
				ASSETCATALOG_COMPILER_LAUNCHIMAGE_NAME = LaunchImage;
				GCC_PRECOMPILE_PREFIX_HEADER = YES;
				GCC_PREFIX_HEADER = "MusicPlayer/MusicPlayer-Prefix.pch";
				INFOPLIST_FILE = "MusicPlayer/MusicPlayer-Info.plist";
				PRODUCT_NAME = "$(TARGET_NAME)";
				WRAPPER_EXTENSION = app;
			};
			name = Debug;
		};
		CA945792187A40C3002A04D7 /* Release */ = {
			isa = XCBuildConfiguration;
			buildSettings = {
				ASSETCATALOG_COMPILER_APPICON_NAME = AppIcon;
				ASSETCATALOG_COMPILER_LAUNCHIMAGE_NAME = LaunchImage;
				GCC_PRECOMPILE_PREFIX_HEADER = YES;
				GCC_PREFIX_HEADER = "MusicPlayer/MusicPlayer-Prefix.pch";
				INFOPLIST_FILE = "MusicPlayer/MusicPlayer-Info.plist";
				PRODUCT_NAME = "$(TARGET_NAME)";
				WRAPPER_EXTENSION = app;
			};
			name = Release;
		};
		CA945794187A40C3002A04D7 /* Debug */ = {
			isa = XCBuildConfiguration;
			buildSettings = {
				ARCHS = "$(ARCHS_STANDARD_INCLUDING_64_BIT)";
				BUNDLE_LOADER = "$(BUILT_PRODUCTS_DIR)/MusicPlayer.app/MusicPlayer";
				FRAMEWORK_SEARCH_PATHS = (
					"$(SDKROOT)/Developer/Library/Frameworks",
					"$(inherited)",
					"$(DEVELOPER_FRAMEWORKS_DIR)",
				);
				GCC_PRECOMPILE_PREFIX_HEADER = YES;
				GCC_PREFIX_HEADER = "MusicPlayer/MusicPlayer-Prefix.pch";
				GCC_PREPROCESSOR_DEFINITIONS = (
					"DEBUG=1",
					"$(inherited)",
				);
				INFOPLIST_FILE = "MusicPlayerTests/MusicPlayerTests-Info.plist";
				PRODUCT_NAME = "$(TARGET_NAME)";
				TEST_HOST = "$(BUNDLE_LOADER)";
				WRAPPER_EXTENSION = xctest;
			};
			name = Debug;
		};
		CA945795187A40C3002A04D7 /* Release */ = {
			isa = XCBuildConfiguration;
			buildSettings = {
				ARCHS = "$(ARCHS_STANDARD_INCLUDING_64_BIT)";
				BUNDLE_LOADER = "$(BUILT_PRODUCTS_DIR)/MusicPlayer.app/MusicPlayer";
				FRAMEWORK_SEARCH_PATHS = (
					"$(SDKROOT)/Developer/Library/Frameworks",
					"$(inherited)",
					"$(DEVELOPER_FRAMEWORKS_DIR)",
				);
				GCC_PRECOMPILE_PREFIX_HEADER = YES;
				GCC_PREFIX_HEADER = "MusicPlayer/MusicPlayer-Prefix.pch";
				INFOPLIST_FILE = "MusicPlayerTests/MusicPlayerTests-Info.plist";
				PRODUCT_NAME = "$(TARGET_NAME)";
				TEST_HOST = "$(BUNDLE_LOADER)";
				WRAPPER_EXTENSION = xctest;
			};
			name = Release;
		};
/* End XCBuildConfiguration section */

/* Begin XCConfigurationList section */
		CA945759187A40C1002A04D7 /* Build configuration list for PBXProject "MusicPlayer" */ = {
			isa = XCConfigurationList;
			buildConfigurations = (
				CA94578E187A40C3002A04D7 /* Debug */,
				CA94578F187A40C3002A04D7 /* Release */,
			);
			defaultConfigurationIsVisible = 0;
			defaultConfigurationName = Release;
		};
		CA945790187A40C3002A04D7 /* Build configuration list for PBXNativeTarget "MusicPlayer" */ = {
			isa = XCConfigurationList;
			buildConfigurations = (
				CA945791187A40C3002A04D7 /* Debug */,
				CA945792187A40C3002A04D7 /* Release */,
			);
			defaultConfigurationIsVisible = 0;
			defaultConfigurationName = Release;
		};
		CA945793187A40C3002A04D7 /* Build configuration list for PBXNativeTarget "MusicPlayerTests" */ = {
			isa = XCConfigurationList;
			buildConfigurations = (
				CA945794187A40C3002A04D7 /* Debug */,
				CA945795187A40C3002A04D7 /* Release */,
			);
			defaultConfigurationIsVisible = 0;
			defaultConfigurationName = Release;
		};
/* End XCConfigurationList section */
	};
	rootObject = CA945756187A40C1002A04D7 /* Project object */;
}
