// !$*UTF8*$!
{
	archiveVersion = 1;
	classes = {
	};
	objectVersion = 46;
	objects = {

/* Begin PBXBuildFile section */
		CACA542F187EDDFE00E5E28D /* Foundation.framework in Frameworks */ = {isa = PBXBuildFile; fileRef = CACA542E187EDDFE00E5E28D /* Foundation.framework */; };
		CACA5431187EDDFE00E5E28D /* CoreGraphics.framework in Frameworks */ = {isa = PBXBuildFile; fileRef = CACA5430187EDDFE00E5E28D /* CoreGraphics.framework */; };
		CACA5433187EDDFE00E5E28D /* UIKit.framework in Frameworks */ = {isa = PBXBuildFile; fileRef = CACA5432187EDDFE00E5E28D /* UIKit.framework */; };
		CACA5439187EDDFE00E5E28D /* InfoPlist.strings in Resources */ = {isa = PBXBuildFile; fileRef = CACA5437187EDDFE00E5E28D /* InfoPlist.strings */; };
		CACA543B187EDDFE00E5E28D /* main.m in Sources */ = {isa = PBXBuildFile; fileRef = CACA543A187EDDFE00E5E28D /* main.m */; };
		CACA543F187EDDFE00E5E28D /* AppDelegate.m in Sources */ = {isa = PBXBuildFile; fileRef = CACA543E187EDDFE00E5E28D /* AppDelegate.m */; };
		CACA5442187EDDFE00E5E28D /* Main.storyboard in Resources */ = {isa = PBXBuildFile; fileRef = CACA5440187EDDFE00E5E28D /* Main.storyboard */; };
		CACA5445187EDDFE00E5E28D /* ViewController.m in Sources */ = {isa = PBXBuildFile; fileRef = CACA5444187EDDFE00E5E28D /* ViewController.m */; };
		CACA5447187EDDFE00E5E28D /* Images.xcassets in Resources */ = {isa = PBXBuildFile; fileRef = CACA5446187EDDFE00E5E28D /* Images.xcassets */; };
		CACA544E187EDDFE00E5E28D /* XCTest.framework in Frameworks */ = {isa = PBXBuildFile; fileRef = CACA544D187EDDFE00E5E28D /* XCTest.framework */; };
		CACA544F187EDDFE00E5E28D /* Foundation.framework in Frameworks */ = {isa = PBXBuildFile; fileRef = CACA542E187EDDFE00E5E28D /* Foundation.framework */; };
		CACA5450187EDDFE00E5E28D /* UIKit.framework in Frameworks */ = {isa = PBXBuildFile; fileRef = CACA5432187EDDFE00E5E28D /* UIKit.framework */; };
		CACA5458187EDDFE00E5E28D /* InfoPlist.strings in Resources */ = {isa = PBXBuildFile; fileRef = CACA5456187EDDFE00E5E28D /* InfoPlist.strings */; };
		CACA545A187EDDFE00E5E28D /* VideoRecord_AVFoundationTests.m in Sources */ = {isa = PBXBuildFile; fileRef = CACA5459187EDDFE00E5E28D /* VideoRecord_AVFoundationTests.m */; };
/* End PBXBuildFile section */

/* Begin PBXContainerItemProxy section */
		CACA5451187EDDFE00E5E28D /* PBXContainerItemProxy */ = {
			isa = PBXContainerItemProxy;
			containerPortal = CACA5423187EDDFE00E5E28D /* Project object */;
			proxyType = 1;
			remoteGlobalIDString = CACA542A187EDDFE00E5E28D;
			remoteInfo = VideoRecord_AVFoundation;
		};
/* End PBXContainerItemProxy section */

/* Begin PBXFileReference section */
		CACA542B187EDDFE00E5E28D /* VideoRecord_AVFoundation.app */ = {isa = PBXFileReference; explicitFileType = wrapper.application; includeInIndex = 0; path = VideoRecord_AVFoundation.app; sourceTree = BUILT_PRODUCTS_DIR; };
		CACA542E187EDDFE00E5E28D /* Foundation.framework */ = {isa = PBXFileReference; lastKnownFileType = wrapper.framework; name = Foundation.framework; path = System/Library/Frameworks/Foundation.framework; sourceTree = SDKROOT; };
		CACA5430187EDDFE00E5E28D /* CoreGraphics.framework */ = {isa = PBXFileReference; lastKnownFileType = wrapper.framework; name = CoreGraphics.framework; path = System/Library/Frameworks/CoreGraphics.framework; sourceTree = SDKROOT; };
		CACA5432187EDDFE00E5E28D /* UIKit.framework */ = {isa = PBXFileReference; lastKnownFileType = wrapper.framework; name = UIKit.framework; path = System/Library/Frameworks/UIKit.framework; sourceTree = SDKROOT; };
		CACA5436187EDDFE00E5E28D /* VideoRecord_AVFoundation-Info.plist */ = {isa = PBXFileReference; lastKnownFileType = text.plist.xml; path = "VideoRecord_AVFoundation-Info.plist"; sourceTree = "<group>"; };
		CACA5438187EDDFE00E5E28D /* en */ = {isa = PBXFileReference; lastKnownFileType = text.plist.strings; name = en; path = en.lproj/InfoPlist.strings; sourceTree = "<group>"; };
		CACA543A187EDDFE00E5E28D /* main.m */ = {isa = PBXFileReference; lastKnownFileType = sourcecode.c.objc; path = main.m; sourceTree = "<group>"; };
		CACA543C187EDDFE00E5E28D /* VideoRecord_AVFoundation-Prefix.pch */ = {isa = PBXFileReference; lastKnownFileType = sourcecode.c.h; path = "VideoRecord_AVFoundation-Prefix.pch"; sourceTree = "<group>"; };
		CACA543D187EDDFE00E5E28D /* AppDelegate.h */ = {isa = PBXFileReference; lastKnownFileType = sourcecode.c.h; path = AppDelegate.h; sourceTree = "<group>"; };
		CACA543E187EDDFE00E5E28D /* AppDelegate.m */ = {isa = PBXFileReference; lastKnownFileType = sourcecode.c.objc; path = AppDelegate.m; sourceTree = "<group>"; };
		CACA5441187EDDFE00E5E28D /* Base */ = {isa = PBXFileReference; lastKnownFileType = file.storyboard; name = Base; path = Base.lproj/Main.storyboard; sourceTree = "<group>"; };
		CACA5443187EDDFE00E5E28D /* ViewController.h */ = {isa = PBXFileReference; lastKnownFileType = sourcecode.c.h; path = ViewController.h; sourceTree = "<group>"; };
		CACA5444187EDDFE00E5E28D /* ViewController.m */ = {isa = PBXFileReference; lastKnownFileType = sourcecode.c.objc; path = ViewController.m; sourceTree = "<group>"; };
		CACA5446187EDDFE00E5E28D /* Images.xcassets */ = {isa = PBXFileReference; lastKnownFileType = folder.assetcatalog; path = Images.xcassets; sourceTree = "<group>"; };
		CACA544C187EDDFE00E5E28D /* VideoRecord_AVFoundationTests.xctest */ = {isa = PBXFileReference; explicitFileType = wrapper.cfbundle; includeInIndex = 0; path = VideoRecord_AVFoundationTests.xctest; sourceTree = BUILT_PRODUCTS_DIR; };
		CACA544D187EDDFE00E5E28D /* XCTest.framework */ = {isa = PBXFileReference; lastKnownFileType = wrapper.framework; name = XCTest.framework; path = Library/Frameworks/XCTest.framework; sourceTree = DEVELOPER_DIR; };
		CACA5455187EDDFE00E5E28D /* VideoRecord_AVFoundationTests-Info.plist */ = {isa = PBXFileReference; lastKnownFileType = text.plist.xml; path = "VideoRecord_AVFoundationTests-Info.plist"; sourceTree = "<group>"; };
		CACA5457187EDDFE00E5E28D /* en */ = {isa = PBXFileReference; lastKnownFileType = text.plist.strings; name = en; path = en.lproj/InfoPlist.strings; sourceTree = "<group>"; };
		CACA5459187EDDFE00E5E28D /* VideoRecord_AVFoundationTests.m */ = {isa = PBXFileReference; lastKnownFileType = sourcecode.c.objc; path = VideoRecord_AVFoundationTests.m; sourceTree = "<group>"; };
/* End PBXFileReference section */

/* Begin PBXFrameworksBuildPhase section */
		CACA5428187EDDFE00E5E28D /* Frameworks */ = {
			isa = PBXFrameworksBuildPhase;
			buildActionMask = 2147483647;
			files = (
				CACA5431187EDDFE00E5E28D /* CoreGraphics.framework in Frameworks */,
				CACA5433187EDDFE00E5E28D /* UIKit.framework in Frameworks */,
				CACA542F187EDDFE00E5E28D /* Foundation.framework in Frameworks */,
			);
			runOnlyForDeploymentPostprocessing = 0;
		};
		CACA5449187EDDFE00E5E28D /* Frameworks */ = {
			isa = PBXFrameworksBuildPhase;
			buildActionMask = 2147483647;
			files = (
				CACA544E187EDDFE00E5E28D /* XCTest.framework in Frameworks */,
				CACA5450187EDDFE00E5E28D /* UIKit.framework in Frameworks */,
				CACA544F187EDDFE00E5E28D /* Foundation.framework in Frameworks */,
			);
			runOnlyForDeploymentPostprocessing = 0;
		};
/* End PBXFrameworksBuildPhase section */

/* Begin PBXGroup section */
		CACA5422187EDDFE00E5E28D = {
			isa = PBXGroup;
			children = (
				CACA5434187EDDFE00E5E28D /* VideoRecord_AVFoundation */,
				CACA5453187EDDFE00E5E28D /* VideoRecord_AVFoundationTests */,
				CACA542D187EDDFE00E5E28D /* Frameworks */,
				CACA542C187EDDFE00E5E28D /* Products */,
			);
			sourceTree = "<group>";
		};
		CACA542C187EDDFE00E5E28D /* Products */ = {
			isa = PBXGroup;
			children = (
				CACA542B187EDDFE00E5E28D /* VideoRecord_AVFoundation.app */,
				CACA544C187EDDFE00E5E28D /* VideoRecord_AVFoundationTests.xctest */,
			);
			name = Products;
			sourceTree = "<group>";
		};
		CACA542D187EDDFE00E5E28D /* Frameworks */ = {
			isa = PBXGroup;
			children = (
				CACA542E187EDDFE00E5E28D /* Foundation.framework */,
				CACA5430187EDDFE00E5E28D /* CoreGraphics.framework */,
				CACA5432187EDDFE00E5E28D /* UIKit.framework */,
				CACA544D187EDDFE00E5E28D /* XCTest.framework */,
			);
			name = Frameworks;
			sourceTree = "<group>";
		};
		CACA5434187EDDFE00E5E28D /* VideoRecord_AVFoundation */ = {
			isa = PBXGroup;
			children = (
				CACA543D187EDDFE00E5E28D /* AppDelegate.h */,
				CACA543E187EDDFE00E5E28D /* AppDelegate.m */,
				CACA5440187EDDFE00E5E28D /* Main.storyboard */,
				CACA5443187EDDFE00E5E28D /* ViewController.h */,
				CACA5444187EDDFE00E5E28D /* ViewController.m */,
				CACA5446187EDDFE00E5E28D /* Images.xcassets */,
				CACA5435187EDDFE00E5E28D /* Supporting Files */,
			);
			path = VideoRecord_AVFoundation;
			sourceTree = "<group>";
		};
		CACA5435187EDDFE00E5E28D /* Supporting Files */ = {
			isa = PBXGroup;
			children = (
				CACA5436187EDDFE00E5E28D /* VideoRecord_AVFoundation-Info.plist */,
				CACA5437187EDDFE00E5E28D /* InfoPlist.strings */,
				CACA543A187EDDFE00E5E28D /* main.m */,
				CACA543C187EDDFE00E5E28D /* VideoRecord_AVFoundation-Prefix.pch */,
			);
			name = "Supporting Files";
			sourceTree = "<group>";
		};
		CACA5453187EDDFE00E5E28D /* VideoRecord_AVFoundationTests */ = {
			isa = PBXGroup;
			children = (
				CACA5459187EDDFE00E5E28D /* VideoRecord_AVFoundationTests.m */,
				CACA5454187EDDFE00E5E28D /* Supporting Files */,
			);
			path = VideoRecord_AVFoundationTests;
			sourceTree = "<group>";
		};
		CACA5454187EDDFE00E5E28D /* Supporting Files */ = {
			isa = PBXGroup;
			children = (
				CACA5455187EDDFE00E5E28D /* VideoRecord_AVFoundationTests-Info.plist */,
				CACA5456187EDDFE00E5E28D /* InfoPlist.strings */,
			);
			name = "Supporting Files";
			sourceTree = "<group>";
		};
/* End PBXGroup section */

/* Begin PBXNativeTarget section */
		CACA542A187EDDFE00E5E28D /* VideoRecord_AVFoundation */ = {
			isa = PBXNativeTarget;
			buildConfigurationList = CACA545D187EDDFE00E5E28D /* Build configuration list for PBXNativeTarget "VideoRecord_AVFoundation" */;
			buildPhases = (
				CACA5427187EDDFE00E5E28D /* Sources */,
				CACA5428187EDDFE00E5E28D /* Frameworks */,
				CACA5429187EDDFE00E5E28D /* Resources */,
			);
			buildRules = (
			);
			dependencies = (
			);
			name = VideoRecord_AVFoundation;
			productName = VideoRecord_AVFoundation;
			productReference = CACA542B187EDDFE00E5E28D /* VideoRecord_AVFoundation.app */;
			productType = "com.apple.product-type.application";
		};
		CACA544B187EDDFE00E5E28D /* VideoRecord_AVFoundationTests */ = {
			isa = PBXNativeTarget;
			buildConfigurationList = CACA5460187EDDFE00E5E28D /* Build configuration list for PBXNativeTarget "VideoRecord_AVFoundationTests" */;
			buildPhases = (
				CACA5448187EDDFE00E5E28D /* Sources */,
				CACA5449187EDDFE00E5E28D /* Frameworks */,
				CACA544A187EDDFE00E5E28D /* Resources */,
			);
			buildRules = (
			);
			dependencies = (
				CACA5452187EDDFE00E5E28D /* PBXTargetDependency */,
			);
			name = VideoRecord_AVFoundationTests;
			productName = VideoRecord_AVFoundationTests;
			productReference = CACA544C187EDDFE00E5E28D /* VideoRecord_AVFoundationTests.xctest */;
			productType = "com.apple.product-type.bundle.unit-test";
		};
/* End PBXNativeTarget section */

/* Begin PBXProject section */
		CACA5423187EDDFE00E5E28D /* Project object */ = {
			isa = PBXProject;
			attributes = {
				LastUpgradeCheck = 0500;
				ORGANIZATIONNAME = tonyguan;
				TargetAttributes = {
					CACA544B187EDDFE00E5E28D = {
						TestTargetID = CACA542A187EDDFE00E5E28D;
					};
				};
			};
			buildConfigurationList = CACA5426187EDDFE00E5E28D /* Build configuration list for PBXProject "VideoRecord_AVFoundation" */;
			compatibilityVersion = "Xcode 3.2";
			developmentRegion = English;
			hasScannedForEncodings = 0;
			knownRegions = (
				en,
				Base,
			);
			mainGroup = CACA5422187EDDFE00E5E28D;
			productRefGroup = CACA542C187EDDFE00E5E28D /* Products */;
			projectDirPath = "";
			projectRoot = "";
			targets = (
				CACA542A187EDDFE00E5E28D /* VideoRecord_AVFoundation */,
				CACA544B187EDDFE00E5E28D /* VideoRecord_AVFoundationTests */,
			);
		};
/* End PBXProject section */

/* Begin PBXResourcesBuildPhase section */
		CACA5429187EDDFE00E5E28D /* Resources */ = {
			isa = PBXResourcesBuildPhase;
			buildActionMask = 2147483647;
			files = (
				CACA5447187EDDFE00E5E28D /* Images.xcassets in Resources */,
				CACA5439187EDDFE00E5E28D /* InfoPlist.strings in Resources */,
				CACA5442187EDDFE00E5E28D /* Main.storyboard in Resources */,
			);
			runOnlyForDeploymentPostprocessing = 0;
		};
		CACA544A187EDDFE00E5E28D /* Resources */ = {
			isa = PBXResourcesBuildPhase;
			buildActionMask = 2147483647;
			files = (
				CACA5458187EDDFE00E5E28D /* InfoPlist.strings in Resources */,
			);
			runOnlyForDeploymentPostprocessing = 0;
		};
/* End PBXResourcesBuildPhase section */

/* Begin PBXSourcesBuildPhase section */
		CACA5427187EDDFE00E5E28D /* Sources */ = {
			isa = PBXSourcesBuildPhase;
			buildActionMask = 2147483647;
			files = (
				CACA5445187EDDFE00E5E28D /* ViewController.m in Sources */,
				CACA543F187EDDFE00E5E28D /* AppDelegate.m in Sources */,
				CACA543B187EDDFE00E5E28D /* main.m in Sources */,
			);
			runOnlyForDeploymentPostprocessing = 0;
		};
		CACA5448187EDDFE00E5E28D /* Sources */ = {
			isa = PBXSourcesBuildPhase;
			buildActionMask = 2147483647;
			files = (
				CACA545A187EDDFE00E5E28D /* VideoRecord_AVFoundationTests.m in Sources */,
			);
			runOnlyForDeploymentPostprocessing = 0;
		};
/* End PBXSourcesBuildPhase section */

/* Begin PBXTargetDependency section */
		CACA5452187EDDFE00E5E28D /* PBXTargetDependency */ = {
			isa = PBXTargetDependency;
			target = CACA542A187EDDFE00E5E28D /* VideoRecord_AVFoundation */;
			targetProxy = CACA5451187EDDFE00E5E28D /* PBXContainerItemProxy */;
		};
/* End PBXTargetDependency section */

/* Begin PBXVariantGroup section */
		CACA5437187EDDFE00E5E28D /* InfoPlist.strings */ = {
			isa = PBXVariantGroup;
			children = (
				CACA5438187EDDFE00E5E28D /* en */,
			);
			name = InfoPlist.strings;
			sourceTree = "<group>";
		};
		CACA5440187EDDFE00E5E28D /* Main.storyboard */ = {
			isa = PBXVariantGroup;
			children = (
				CACA5441187EDDFE00E5E28D /* Base */,
			);
			name = Main.storyboard;
			sourceTree = "<group>";
		};
		CACA5456187EDDFE00E5E28D /* InfoPlist.strings */ = {
			isa = PBXVariantGroup;
			children = (
				CACA5457187EDDFE00E5E28D /* en */,
			);
			name = InfoPlist.strings;
			sourceTree = "<group>";
		};
/* End PBXVariantGroup section */

/* Begin XCBuildConfiguration section */
		CACA545B187EDDFE00E5E28D /* Debug */ = {
			isa = XCBuildConfiguration;
			buildSettings = {
				ALWAYS_SEARCH_USER_PATHS = NO;
				ARCHS = "$(ARCHS_STANDARD_INCLUDING_64_BIT)";
				CLANG_CXX_LANGUAGE_STANDARD = "gnu++0x";
				CLANG_CXX_LIBRARY = "libc++";
				CLANG_ENABLE_MODULES = YES;
				CLANG_ENABLE_OBJC_ARC = YES;
				CLANG_WARN_BOOL_CONVERSION = YES;
				CLANG_WARN_CONSTANT_CONVERSION = YES;
				CLANG_WARN_DIRECT_OBJC_ISA_USAGE = YES_ERROR;
				CLANG_WARN_EMPTY_BODY = YES;
				CLANG_WARN_ENUM_CONVERSION = YES;
				CLANG_WARN_INT_CONVERSION = YES;
				CLANG_WARN_OBJC_ROOT_CLASS = YES_ERROR;
				CLANG_WARN__DUPLICATE_METHOD_MATCH = YES;
				"CODE_SIGN_IDENTITY[sdk=iphoneos*]" = "iPhone Developer";
				COPY_PHASE_STRIP = NO;
				GCC_C_LANGUAGE_STANDARD = gnu99;
				GCC_DYNAMIC_NO_PIC = NO;
				GCC_OPTIMIZATION_LEVEL = 0;
				GCC_PREPROCESSOR_DEFINITIONS = (
					"DEBUG=1",
					"$(inherited)",
				);
				GCC_SYMBOLS_PRIVATE_EXTERN = NO;
				GCC_WARN_64_TO_32_BIT_CONVERSION = YES;
				GCC_WARN_ABOUT_RETURN_TYPE = YES_ERROR;
				GCC_WARN_UNDECLARED_SELECTOR = YES;
				GCC_WARN_UNINITIALIZED_AUTOS = YES;
				GCC_WARN_UNUSED_FUNCTION = YES;
				GCC_WARN_UNUSED_VARIABLE = YES;
				IPHONEOS_DEPLOYMENT_TARGET = 7.0;
				ONLY_ACTIVE_ARCH = YES;
				SDKROOT = iphoneos;
			};
			name = Debug;
		};
		CACA545C187EDDFE00E5E28D /* Release */ = {
			isa = XCBuildConfiguration;
			buildSettings = {
				ALWAYS_SEARCH_USER_PATHS = NO;
				ARCHS = "$(ARCHS_STANDARD_INCLUDING_64_BIT)";
				CLANG_CXX_LANGUAGE_STANDARD = "gnu++0x";
				CLANG_CXX_LIBRARY = "libc++";
				CLANG_ENABLE_MODULES = YES;
				CLANG_ENABLE_OBJC_ARC = YES;
				CLANG_WARN_BOOL_CONVERSION = YES;
				CLANG_WARN_CONSTANT_CONVERSION = YES;
				CLANG_WARN_DIRECT_OBJC_ISA_USAGE = YES_ERROR;
				CLANG_WARN_EMPTY_BODY = YES;
				CLANG_WARN_ENUM_CONVERSION = YES;
				CLANG_WARN_INT_CONVERSION = YES;
				CLANG_WARN_OBJC_ROOT_CLASS = YES_ERROR;
				CLANG_WARN__DUPLICATE_METHOD_MATCH = YES;
				"CODE_SIGN_IDENTITY[sdk=iphoneos*]" = "iPhone Developer";
				COPY_PHASE_STRIP = YES;
				ENABLE_NS_ASSERTIONS = NO;
				GCC_C_LANGUAGE_STANDARD = gnu99;
				GCC_WARN_64_TO_32_BIT_CONVERSION = YES;
				GCC_WARN_ABOUT_RETURN_TYPE = YES_ERROR;
				GCC_WARN_UNDECLARED_SELECTOR = YES;
				GCC_WARN_UNINITIALIZED_AUTOS = YES;
				GCC_WARN_UNUSED_FUNCTION = YES;
				GCC_WARN_UNUSED_VARIABLE = YES;
				IPHONEOS_DEPLOYMENT_TARGET = 7.0;
				SDKROOT = iphoneos;
				VALIDATE_PRODUCT = YES;
			};
			name = Release;
		};
		CACA545E187EDDFE00E5E28D /* Debug */ = {
			isa = XCBuildConfiguration;
			buildSettings = {
				ASSETCATALOG_COMPILER_APPICON_NAME = AppIcon;
				ASSETCATALOG_COMPILER_LAUNCHIMAGE_NAME = LaunchImage;
				GCC_PRECOMPILE_PREFIX_HEADER = YES;
				GCC_PREFIX_HEADER = "VideoRecord_AVFoundation/VideoRecord_AVFoundation-Prefix.pch";
				INFOPLIST_FILE = "VideoRecord_AVFoundation/VideoRecord_AVFoundation-Info.plist";
				PRODUCT_NAME = "$(TARGET_NAME)";
				WRAPPER_EXTENSION = app;
			};
			name = Debug;
		};
		CACA545F187EDDFE00E5E28D /* Release */ = {
			isa = XCBuildConfiguration;
			buildSettings = {
				ASSETCATALOG_COMPILER_APPICON_NAME = AppIcon;
				ASSETCATALOG_COMPILER_LAUNCHIMAGE_NAME = LaunchImage;
				GCC_PRECOMPILE_PREFIX_HEADER = YES;
				GCC_PREFIX_HEADER = "VideoRecord_AVFoundation/VideoRecord_AVFoundation-Prefix.pch";
				INFOPLIST_FILE = "VideoRecord_AVFoundation/VideoRecord_AVFoundation-Info.plist";
				PRODUCT_NAME = "$(TARGET_NAME)";
				WRAPPER_EXTENSION = app;
			};
			name = Release;
		};
		CACA5461187EDDFE00E5E28D /* Debug */ = {
			isa = XCBuildConfiguration;
			buildSettings = {
				ARCHS = "$(ARCHS_STANDARD_INCLUDING_64_BIT)";
				BUNDLE_LOADER = "$(BUILT_PRODUCTS_DIR)/VideoRecord_AVFoundation.app/VideoRecord_AVFoundation";
				FRAMEWORK_SEARCH_PATHS = (
					"$(SDKROOT)/Developer/Library/Frameworks",
					"$(inherited)",
					"$(DEVELOPER_FRAMEWORKS_DIR)",
				);
				GCC_PRECOMPILE_PREFIX_HEADER = YES;
				GCC_PREFIX_HEADER = "VideoRecord_AVFoundation/VideoRecord_AVFoundation-Prefix.pch";
				GCC_PREPROCESSOR_DEFINITIONS = (
					"DEBUG=1",
					"$(inherited)",
				);
				INFOPLIST_FILE = "VideoRecord_AVFoundationTests/VideoRecord_AVFoundationTests-Info.plist";
				PRODUCT_NAME = "$(TARGET_NAME)";
				TEST_HOST = "$(BUNDLE_LOADER)";
				WRAPPER_EXTENSION = xctest;
			};
			name = Debug;
		};
		CACA5462187EDDFE00E5E28D /* Release */ = {
			isa = XCBuildConfiguration;
			buildSettings = {
				ARCHS = "$(ARCHS_STANDARD_INCLUDING_64_BIT)";
				BUNDLE_LOADER = "$(BUILT_PRODUCTS_DIR)/VideoRecord_AVFoundation.app/VideoRecord_AVFoundation";
				FRAMEWORK_SEARCH_PATHS = (
					"$(SDKROOT)/Developer/Library/Frameworks",
					"$(inherited)",
					"$(DEVELOPER_FRAMEWORKS_DIR)",
				);
				GCC_PRECOMPILE_PREFIX_HEADER = YES;
				GCC_PREFIX_HEADER = "VideoRecord_AVFoundation/VideoRecord_AVFoundation-Prefix.pch";
				INFOPLIST_FILE = "VideoRecord_AVFoundationTests/VideoRecord_AVFoundationTests-Info.plist";
				PRODUCT_NAME = "$(TARGET_NAME)";
				TEST_HOST = "$(BUNDLE_LOADER)";
				WRAPPER_EXTENSION = xctest;
			};
			name = Release;
		};
/* End XCBuildConfiguration section */

/* Begin XCConfigurationList section */
		CACA5426187EDDFE00E5E28D /* Build configuration list for PBXProject "VideoRecord_AVFoundation" */ = {
			isa = XCConfigurationList;
			buildConfigurations = (
				CACA545B187EDDFE00E5E28D /* Debug */,
				CACA545C187EDDFE00E5E28D /* Release */,
			);
			defaultConfigurationIsVisible = 0;
			defaultConfigurationName = Release;
		};
		CACA545D187EDDFE00E5E28D /* Build configuration list for PBXNativeTarget "VideoRecord_AVFoundation" */ = {
			isa = XCConfigurationList;
			buildConfigurations = (
				CACA545E187EDDFE00E5E28D /* Debug */,
				CACA545F187EDDFE00E5E28D /* Release */,
			);
			defaultConfigurationIsVisible = 0;
		};
		CACA5460187EDDFE00E5E28D /* Build configuration list for PBXNativeTarget "VideoRecord_AVFoundationTests" */ = {
			isa = XCConfigurationList;
			buildConfigurations = (
				CACA5461187EDDFE00E5E28D /* Debug */,
				CACA5462187EDDFE00E5E28D /* Release */,
			);
			defaultConfigurationIsVisible = 0;
		};
/* End XCConfigurationList section */
	};
	rootObject = CACA5423187EDDFE00E5E28D /* Project object */;
}
