// !$*UTF8*$!
{
	archiveVersion = 1;
	classes = {
	};
	objectVersion = 46;
	objects = {

/* Begin PBXBuildFile section */
		CA06A91C187A6FDE00C9A56C /* Foundation.framework in Frameworks */ = {isa = PBXBuildFile; fileRef = CA06A91B187A6FDE00C9A56C /* Foundation.framework */; };
		CA06A91E187A6FDE00C9A56C /* CoreGraphics.framework in Frameworks */ = {isa = PBXBuildFile; fileRef = CA06A91D187A6FDE00C9A56C /* CoreGraphics.framework */; };
		CA06A920187A6FDE00C9A56C /* UIKit.framework in Frameworks */ = {isa = PBXBuildFile; fileRef = CA06A91F187A6FDE00C9A56C /* UIKit.framework */; };
		CA06A926187A6FDE00C9A56C /* InfoPlist.strings in Resources */ = {isa = PBXBuildFile; fileRef = CA06A924187A6FDE00C9A56C /* InfoPlist.strings */; };
		CA06A928187A6FDE00C9A56C /* main.m in Sources */ = {isa = PBXBuildFile; fileRef = CA06A927187A6FDE00C9A56C /* main.m */; };
		CA06A92C187A6FDE00C9A56C /* AppDelegate.m in Sources */ = {isa = PBXBuildFile; fileRef = CA06A92B187A6FDE00C9A56C /* AppDelegate.m */; };
		CA06A92F187A6FDE00C9A56C /* Main.storyboard in Resources */ = {isa = PBXBuildFile; fileRef = CA06A92D187A6FDE00C9A56C /* Main.storyboard */; };
		CA06A932187A6FDE00C9A56C /* ViewController.m in Sources */ = {isa = PBXBuildFile; fileRef = CA06A931187A6FDE00C9A56C /* ViewController.m */; };
		CA06A934187A6FDF00C9A56C /* Images.xcassets in Resources */ = {isa = PBXBuildFile; fileRef = CA06A933187A6FDF00C9A56C /* Images.xcassets */; };
		CA06A93B187A6FDF00C9A56C /* XCTest.framework in Frameworks */ = {isa = PBXBuildFile; fileRef = CA06A93A187A6FDF00C9A56C /* XCTest.framework */; };
		CA06A93C187A6FDF00C9A56C /* Foundation.framework in Frameworks */ = {isa = PBXBuildFile; fileRef = CA06A91B187A6FDE00C9A56C /* Foundation.framework */; };
		CA06A93D187A6FDF00C9A56C /* UIKit.framework in Frameworks */ = {isa = PBXBuildFile; fileRef = CA06A91F187A6FDE00C9A56C /* UIKit.framework */; };
		CA06A945187A6FDF00C9A56C /* InfoPlist.strings in Resources */ = {isa = PBXBuildFile; fileRef = CA06A943187A6FDF00C9A56C /* InfoPlist.strings */; };
		CA06A947187A6FDF00C9A56C /* SystemSoundTests.m in Sources */ = {isa = PBXBuildFile; fileRef = CA06A946187A6FDF00C9A56C /* SystemSoundTests.m */; };
		CA06A953187A70E800C9A56C /* AlertChordStroke.wav in Resources */ = {isa = PBXBuildFile; fileRef = CA06A951187A70E800C9A56C /* AlertChordStroke.wav */; };
		CA06A954187A70E800C9A56C /* BeepGMC500.wav in Resources */ = {isa = PBXBuildFile; fileRef = CA06A952187A70E800C9A56C /* BeepGMC500.wav */; };
		CA06A956187A716700C9A56C /* AudioToolbox.framework in Frameworks */ = {isa = PBXBuildFile; fileRef = CA06A955187A716600C9A56C /* AudioToolbox.framework */; };
/* End PBXBuildFile section */

/* Begin PBXContainerItemProxy section */
		CA06A93E187A6FDF00C9A56C /* PBXContainerItemProxy */ = {
			isa = PBXContainerItemProxy;
			containerPortal = CA06A910187A6FDE00C9A56C /* Project object */;
			proxyType = 1;
			remoteGlobalIDString = CA06A917187A6FDE00C9A56C;
			remoteInfo = SystemSound;
		};
/* End PBXContainerItemProxy section */

/* Begin PBXFileReference section */
		CA06A918187A6FDE00C9A56C /* SystemSound.app */ = {isa = PBXFileReference; explicitFileType = wrapper.application; includeInIndex = 0; path = SystemSound.app; sourceTree = BUILT_PRODUCTS_DIR; };
		CA06A91B187A6FDE00C9A56C /* Foundation.framework */ = {isa = PBXFileReference; lastKnownFileType = wrapper.framework; name = Foundation.framework; path = System/Library/Frameworks/Foundation.framework; sourceTree = SDKROOT; };
		CA06A91D187A6FDE00C9A56C /* CoreGraphics.framework */ = {isa = PBXFileReference; lastKnownFileType = wrapper.framework; name = CoreGraphics.framework; path = System/Library/Frameworks/CoreGraphics.framework; sourceTree = SDKROOT; };
		CA06A91F187A6FDE00C9A56C /* UIKit.framework */ = {isa = PBXFileReference; lastKnownFileType = wrapper.framework; name = UIKit.framework; path = System/Library/Frameworks/UIKit.framework; sourceTree = SDKROOT; };
		CA06A923187A6FDE00C9A56C /* SystemSound-Info.plist */ = {isa = PBXFileReference; lastKnownFileType = text.plist.xml; path = "SystemSound-Info.plist"; sourceTree = "<group>"; };
		CA06A925187A6FDE00C9A56C /* en */ = {isa = PBXFileReference; lastKnownFileType = text.plist.strings; name = en; path = en.lproj/InfoPlist.strings; sourceTree = "<group>"; };
		CA06A927187A6FDE00C9A56C /* main.m */ = {isa = PBXFileReference; lastKnownFileType = sourcecode.c.objc; path = main.m; sourceTree = "<group>"; };
		CA06A929187A6FDE00C9A56C /* SystemSound-Prefix.pch */ = {isa = PBXFileReference; lastKnownFileType = sourcecode.c.h; path = "SystemSound-Prefix.pch"; sourceTree = "<group>"; };
		CA06A92A187A6FDE00C9A56C /* AppDelegate.h */ = {isa = PBXFileReference; lastKnownFileType = sourcecode.c.h; path = AppDelegate.h; sourceTree = "<group>"; };
		CA06A92B187A6FDE00C9A56C /* AppDelegate.m */ = {isa = PBXFileReference; lastKnownFileType = sourcecode.c.objc; path = AppDelegate.m; sourceTree = "<group>"; };
		CA06A92E187A6FDE00C9A56C /* Base */ = {isa = PBXFileReference; lastKnownFileType = file.storyboard; name = Base; path = Base.lproj/Main.storyboard; sourceTree = "<group>"; };
		CA06A930187A6FDE00C9A56C /* ViewController.h */ = {isa = PBXFileReference; lastKnownFileType = sourcecode.c.h; path = ViewController.h; sourceTree = "<group>"; };
		CA06A931187A6FDE00C9A56C /* ViewController.m */ = {isa = PBXFileReference; lastKnownFileType = sourcecode.c.objc; path = ViewController.m; sourceTree = "<group>"; };
		CA06A933187A6FDF00C9A56C /* Images.xcassets */ = {isa = PBXFileReference; lastKnownFileType = folder.assetcatalog; path = Images.xcassets; sourceTree = "<group>"; };
		CA06A939187A6FDF00C9A56C /* SystemSoundTests.xctest */ = {isa = PBXFileReference; explicitFileType = wrapper.cfbundle; includeInIndex = 0; path = SystemSoundTests.xctest; sourceTree = BUILT_PRODUCTS_DIR; };
		CA06A93A187A6FDF00C9A56C /* XCTest.framework */ = {isa = PBXFileReference; lastKnownFileType = wrapper.framework; name = XCTest.framework; path = Library/Frameworks/XCTest.framework; sourceTree = DEVELOPER_DIR; };
		CA06A942187A6FDF00C9A56C /* SystemSoundTests-Info.plist */ = {isa = PBXFileReference; lastKnownFileType = text.plist.xml; path = "SystemSoundTests-Info.plist"; sourceTree = "<group>"; };
		CA06A944187A6FDF00C9A56C /* en */ = {isa = PBXFileReference; lastKnownFileType = text.plist.strings; name = en; path = en.lproj/InfoPlist.strings; sourceTree = "<group>"; };
		CA06A946187A6FDF00C9A56C /* SystemSoundTests.m */ = {isa = PBXFileReference; lastKnownFileType = sourcecode.c.objc; path = SystemSoundTests.m; sourceTree = "<group>"; };
		CA06A951187A70E800C9A56C /* AlertChordStroke.wav */ = {isa = PBXFileReference; lastKnownFileType = audio.wav; path = AlertChordStroke.wav; sourceTree = "<group>"; };
		CA06A952187A70E800C9A56C /* BeepGMC500.wav */ = {isa = PBXFileReference; lastKnownFileType = audio.wav; path = BeepGMC500.wav; sourceTree = "<group>"; };
		CA06A955187A716600C9A56C /* AudioToolbox.framework */ = {isa = PBXFileReference; lastKnownFileType = wrapper.framework; name = AudioToolbox.framework; path = System/Library/Frameworks/AudioToolbox.framework; sourceTree = SDKROOT; };
/* End PBXFileReference section */

/* Begin PBXFrameworksBuildPhase section */
		CA06A915187A6FDE00C9A56C /* Frameworks */ = {
			isa = PBXFrameworksBuildPhase;
			buildActionMask = 2147483647;
			files = (
				CA06A956187A716700C9A56C /* AudioToolbox.framework in Frameworks */,
				CA06A91E187A6FDE00C9A56C /* CoreGraphics.framework in Frameworks */,
				CA06A920187A6FDE00C9A56C /* UIKit.framework in Frameworks */,
				CA06A91C187A6FDE00C9A56C /* Foundation.framework in Frameworks */,
			);
			runOnlyForDeploymentPostprocessing = 0;
		};
		CA06A936187A6FDF00C9A56C /* Frameworks */ = {
			isa = PBXFrameworksBuildPhase;
			buildActionMask = 2147483647;
			files = (
				CA06A93B187A6FDF00C9A56C /* XCTest.framework in Frameworks */,
				CA06A93D187A6FDF00C9A56C /* UIKit.framework in Frameworks */,
				CA06A93C187A6FDF00C9A56C /* Foundation.framework in Frameworks */,
			);
			runOnlyForDeploymentPostprocessing = 0;
		};
/* End PBXFrameworksBuildPhase section */

/* Begin PBXGroup section */
		CA06A90F187A6FDE00C9A56C = {
			isa = PBXGroup;
			children = (
				CA06A950187A70E800C9A56C /* resource */,
				CA06A921187A6FDE00C9A56C /* SystemSound */,
				CA06A940187A6FDF00C9A56C /* SystemSoundTests */,
				CA06A91A187A6FDE00C9A56C /* Frameworks */,
				CA06A919187A6FDE00C9A56C /* Products */,
			);
			sourceTree = "<group>";
		};
		CA06A919187A6FDE00C9A56C /* Products */ = {
			isa = PBXGroup;
			children = (
				CA06A918187A6FDE00C9A56C /* SystemSound.app */,
				CA06A939187A6FDF00C9A56C /* SystemSoundTests.xctest */,
			);
			name = Products;
			sourceTree = "<group>";
		};
		CA06A91A187A6FDE00C9A56C /* Frameworks */ = {
			isa = PBXGroup;
			children = (
				CA06A955187A716600C9A56C /* AudioToolbox.framework */,
				CA06A91B187A6FDE00C9A56C /* Foundation.framework */,
				CA06A91D187A6FDE00C9A56C /* CoreGraphics.framework */,
				CA06A91F187A6FDE00C9A56C /* UIKit.framework */,
				CA06A93A187A6FDF00C9A56C /* XCTest.framework */,
			);
			name = Frameworks;
			sourceTree = "<group>";
		};
		CA06A921187A6FDE00C9A56C /* SystemSound */ = {
			isa = PBXGroup;
			children = (
				CA06A92A187A6FDE00C9A56C /* AppDelegate.h */,
				CA06A92B187A6FDE00C9A56C /* AppDelegate.m */,
				CA06A92D187A6FDE00C9A56C /* Main.storyboard */,
				CA06A930187A6FDE00C9A56C /* ViewController.h */,
				CA06A931187A6FDE00C9A56C /* ViewController.m */,
				CA06A933187A6FDF00C9A56C /* Images.xcassets */,
				CA06A922187A6FDE00C9A56C /* Supporting Files */,
			);
			path = SystemSound;
			sourceTree = "<group>";
		};
		CA06A922187A6FDE00C9A56C /* Supporting Files */ = {
			isa = PBXGroup;
			children = (
				CA06A923187A6FDE00C9A56C /* SystemSound-Info.plist */,
				CA06A924187A6FDE00C9A56C /* InfoPlist.strings */,
				CA06A927187A6FDE00C9A56C /* main.m */,
				CA06A929187A6FDE00C9A56C /* SystemSound-Prefix.pch */,
			);
			name = "Supporting Files";
			sourceTree = "<group>";
		};
		CA06A940187A6FDF00C9A56C /* SystemSoundTests */ = {
			isa = PBXGroup;
			children = (
				CA06A946187A6FDF00C9A56C /* SystemSoundTests.m */,
				CA06A941187A6FDF00C9A56C /* Supporting Files */,
			);
			path = SystemSoundTests;
			sourceTree = "<group>";
		};
		CA06A941187A6FDF00C9A56C /* Supporting Files */ = {
			isa = PBXGroup;
			children = (
				CA06A942187A6FDF00C9A56C /* SystemSoundTests-Info.plist */,
				CA06A943187A6FDF00C9A56C /* InfoPlist.strings */,
			);
			name = "Supporting Files";
			sourceTree = "<group>";
		};
		CA06A950187A70E800C9A56C /* resource */ = {
			isa = PBXGroup;
			children = (
				CA06A951187A70E800C9A56C /* AlertChordStroke.wav */,
				CA06A952187A70E800C9A56C /* BeepGMC500.wav */,
			);
			path = resource;
			sourceTree = "<group>";
		};
/* End PBXGroup section */

/* Begin PBXNativeTarget section */
		CA06A917187A6FDE00C9A56C /* SystemSound */ = {
			isa = PBXNativeTarget;
			buildConfigurationList = CA06A94A187A6FDF00C9A56C /* Build configuration list for PBXNativeTarget "SystemSound" */;
			buildPhases = (
				CA06A914187A6FDE00C9A56C /* Sources */,
				CA06A915187A6FDE00C9A56C /* Frameworks */,
				CA06A916187A6FDE00C9A56C /* Resources */,
			);
			buildRules = (
			);
			dependencies = (
			);
			name = SystemSound;
			productName = SystemSound;
			productReference = CA06A918187A6FDE00C9A56C /* SystemSound.app */;
			productType = "com.apple.product-type.application";
		};
		CA06A938187A6FDF00C9A56C /* SystemSoundTests */ = {
			isa = PBXNativeTarget;
			buildConfigurationList = CA06A94D187A6FDF00C9A56C /* Build configuration list for PBXNativeTarget "SystemSoundTests" */;
			buildPhases = (
				CA06A935187A6FDF00C9A56C /* Sources */,
				CA06A936187A6FDF00C9A56C /* Frameworks */,
				CA06A937187A6FDF00C9A56C /* Resources */,
			);
			buildRules = (
			);
			dependencies = (
				CA06A93F187A6FDF00C9A56C /* PBXTargetDependency */,
			);
			name = SystemSoundTests;
			productName = SystemSoundTests;
			productReference = CA06A939187A6FDF00C9A56C /* SystemSoundTests.xctest */;
			productType = "com.apple.product-type.bundle.unit-test";
		};
/* End PBXNativeTarget section */

/* Begin PBXProject section */
		CA06A910187A6FDE00C9A56C /* Project object */ = {
			isa = PBXProject;
			attributes = {
				LastUpgradeCheck = 0500;
				ORGANIZATIONNAME = tonyguan;
				TargetAttributes = {
					CA06A938187A6FDF00C9A56C = {
						TestTargetID = CA06A917187A6FDE00C9A56C;
					};
				};
			};
			buildConfigurationList = CA06A913187A6FDE00C9A56C /* Build configuration list for PBXProject "SystemSound" */;
			compatibilityVersion = "Xcode 3.2";
			developmentRegion = English;
			hasScannedForEncodings = 0;
			knownRegions = (
				en,
				Base,
			);
			mainGroup = CA06A90F187A6FDE00C9A56C;
			productRefGroup = CA06A919187A6FDE00C9A56C /* Products */;
			projectDirPath = "";
			projectRoot = "";
			targets = (
				CA06A917187A6FDE00C9A56C /* SystemSound */,
				CA06A938187A6FDF00C9A56C /* SystemSoundTests */,
			);
		};
/* End PBXProject section */

/* Begin PBXResourcesBuildPhase section */
		CA06A916187A6FDE00C9A56C /* Resources */ = {
			isa = PBXResourcesBuildPhase;
			buildActionMask = 2147483647;
			files = (
				CA06A953187A70E800C9A56C /* AlertChordStroke.wav in Resources */,
				CA06A934187A6FDF00C9A56C /* Images.xcassets in Resources */,
				CA06A926187A6FDE00C9A56C /* InfoPlist.strings in Resources */,
				CA06A92F187A6FDE00C9A56C /* Main.storyboard in Resources */,
				CA06A954187A70E800C9A56C /* BeepGMC500.wav in Resources */,
			);
			runOnlyForDeploymentPostprocessing = 0;
		};
		CA06A937187A6FDF00C9A56C /* Resources */ = {
			isa = PBXResourcesBuildPhase;
			buildActionMask = 2147483647;
			files = (
				CA06A945187A6FDF00C9A56C /* InfoPlist.strings in Resources */,
			);
			runOnlyForDeploymentPostprocessing = 0;
		};
/* End PBXResourcesBuildPhase section */

/* Begin PBXSourcesBuildPhase section */
		CA06A914187A6FDE00C9A56C /* Sources */ = {
			isa = PBXSourcesBuildPhase;
			buildActionMask = 2147483647;
			files = (
				CA06A932187A6FDE00C9A56C /* ViewController.m in Sources */,
				CA06A92C187A6FDE00C9A56C /* AppDelegate.m in Sources */,
				CA06A928187A6FDE00C9A56C /* main.m in Sources */,
			);
			runOnlyForDeploymentPostprocessing = 0;
		};
		CA06A935187A6FDF00C9A56C /* Sources */ = {
			isa = PBXSourcesBuildPhase;
			buildActionMask = 2147483647;
			files = (
				CA06A947187A6FDF00C9A56C /* SystemSoundTests.m in Sources */,
			);
			runOnlyForDeploymentPostprocessing = 0;
		};
/* End PBXSourcesBuildPhase section */

/* Begin PBXTargetDependency section */
		CA06A93F187A6FDF00C9A56C /* PBXTargetDependency */ = {
			isa = PBXTargetDependency;
			target = CA06A917187A6FDE00C9A56C /* SystemSound */;
			targetProxy = CA06A93E187A6FDF00C9A56C /* PBXContainerItemProxy */;
		};
/* End PBXTargetDependency section */

/* Begin PBXVariantGroup section */
		CA06A924187A6FDE00C9A56C /* InfoPlist.strings */ = {
			isa = PBXVariantGroup;
			children = (
				CA06A925187A6FDE00C9A56C /* en */,
			);
			name = InfoPlist.strings;
			sourceTree = "<group>";
		};
		CA06A92D187A6FDE00C9A56C /* Main.storyboard */ = {
			isa = PBXVariantGroup;
			children = (
				CA06A92E187A6FDE00C9A56C /* Base */,
			);
			name = Main.storyboard;
			sourceTree = "<group>";
		};
		CA06A943187A6FDF00C9A56C /* InfoPlist.strings */ = {
			isa = PBXVariantGroup;
			children = (
				CA06A944187A6FDF00C9A56C /* en */,
			);
			name = InfoPlist.strings;
			sourceTree = "<group>";
		};
/* End PBXVariantGroup section */

/* Begin XCBuildConfiguration section */
		CA06A948187A6FDF00C9A56C /* Debug */ = {
			isa = XCBuildConfiguration;
			buildSettings = {
				ALWAYS_SEARCH_USER_PATHS = NO;
				ARCHS = "$(ARCHS_STANDARD_INCLUDING_64_BIT)";
				CLANG_CXX_LANGUAGE_STANDARD = "gnu++0x";
				CLANG_CXX_LIBRARY = "libc++";
				CLANG_ENABLE_MODULES = YES;
				CLANG_ENABLE_OBJC_ARC = YES;
				CLANG_WARN_BOOL_CONVERSION = YES;
				CLANG_WARN_CONSTANT_CONVERSION = YES;
				CLANG_WARN_DIRECT_OBJC_ISA_USAGE = YES_ERROR;
				CLANG_WARN_EMPTY_BODY = YES;
				CLANG_WARN_ENUM_CONVERSION = YES;
				CLANG_WARN_INT_CONVERSION = YES;
				CLANG_WARN_OBJC_ROOT_CLASS = YES_ERROR;
				CLANG_WARN__DUPLICATE_METHOD_MATCH = YES;
				"CODE_SIGN_IDENTITY[sdk=iphoneos*]" = "iPhone Developer";
				COPY_PHASE_STRIP = NO;
				GCC_C_LANGUAGE_STANDARD = gnu99;
				GCC_DYNAMIC_NO_PIC = NO;
				GCC_OPTIMIZATION_LEVEL = 0;
				GCC_PREPROCESSOR_DEFINITIONS = (
					"DEBUG=1",
					"$(inherited)",
				);
				GCC_SYMBOLS_PRIVATE_EXTERN = NO;
				GCC_WARN_64_TO_32_BIT_CONVERSION = YES;
				GCC_WARN_ABOUT_RETURN_TYPE = YES_ERROR;
				GCC_WARN_UNDECLARED_SELECTOR = YES;
				GCC_WARN_UNINITIALIZED_AUTOS = YES;
				GCC_WARN_UNUSED_FUNCTION = YES;
				GCC_WARN_UNUSED_VARIABLE = YES;
				IPHONEOS_DEPLOYMENT_TARGET = 7.0;
				ONLY_ACTIVE_ARCH = YES;
				SDKROOT = iphoneos;
			};
			name = Debug;
		};
		CA06A949187A6FDF00C9A56C /* Release */ = {
			isa = XCBuildConfiguration;
			buildSettings = {
				ALWAYS_SEARCH_USER_PATHS = NO;
				ARCHS = "$(ARCHS_STANDARD_INCLUDING_64_BIT)";
				CLANG_CXX_LANGUAGE_STANDARD = "gnu++0x";
				CLANG_CXX_LIBRARY = "libc++";
				CLANG_ENABLE_MODULES = YES;
				CLANG_ENABLE_OBJC_ARC = YES;
				CLANG_WARN_BOOL_CONVERSION = YES;
				CLANG_WARN_CONSTANT_CONVERSION = YES;
				CLANG_WARN_DIRECT_OBJC_ISA_USAGE = YES_ERROR;
				CLANG_WARN_EMPTY_BODY = YES;
				CLANG_WARN_ENUM_CONVERSION = YES;
				CLANG_WARN_INT_CONVERSION = YES;
				CLANG_WARN_OBJC_ROOT_CLASS = YES_ERROR;
				CLANG_WARN__DUPLICATE_METHOD_MATCH = YES;
				"CODE_SIGN_IDENTITY[sdk=iphoneos*]" = "iPhone Developer";
				COPY_PHASE_STRIP = YES;
				ENABLE_NS_ASSERTIONS = NO;
				GCC_C_LANGUAGE_STANDARD = gnu99;
				GCC_WARN_64_TO_32_BIT_CONVERSION = YES;
				GCC_WARN_ABOUT_RETURN_TYPE = YES_ERROR;
				GCC_WARN_UNDECLARED_SELECTOR = YES;
				GCC_WARN_UNINITIALIZED_AUTOS = YES;
				GCC_WARN_UNUSED_FUNCTION = YES;
				GCC_WARN_UNUSED_VARIABLE = YES;
				IPHONEOS_DEPLOYMENT_TARGET = 7.0;
				SDKROOT = iphoneos;
				VALIDATE_PRODUCT = YES;
			};
			name = Release;
		};
		CA06A94B187A6FDF00C9A56C /* Debug */ = {
			isa = XCBuildConfiguration;
			buildSettings = {
				ASSETCATALOG_COMPILER_APPICON_NAME = AppIcon;
				ASSETCATALOG_COMPILER_LAUNCHIMAGE_NAME = LaunchImage;
				GCC_PRECOMPILE_PREFIX_HEADER = YES;
				GCC_PREFIX_HEADER = "SystemSound/SystemSound-Prefix.pch";
				INFOPLIST_FILE = "SystemSound/SystemSound-Info.plist";
				PRODUCT_NAME = "$(TARGET_NAME)";
				WRAPPER_EXTENSION = app;
			};
			name = Debug;
		};
		CA06A94C187A6FDF00C9A56C /* Release */ = {
			isa = XCBuildConfiguration;
			buildSettings = {
				ASSETCATALOG_COMPILER_APPICON_NAME = AppIcon;
				ASSETCATALOG_COMPILER_LAUNCHIMAGE_NAME = LaunchImage;
				GCC_PRECOMPILE_PREFIX_HEADER = YES;
				GCC_PREFIX_HEADER = "SystemSound/SystemSound-Prefix.pch";
				INFOPLIST_FILE = "SystemSound/SystemSound-Info.plist";
				PRODUCT_NAME = "$(TARGET_NAME)";
				WRAPPER_EXTENSION = app;
			};
			name = Release;
		};
		CA06A94E187A6FDF00C9A56C /* Debug */ = {
			isa = XCBuildConfiguration;
			buildSettings = {
				ARCHS = "$(ARCHS_STANDARD_INCLUDING_64_BIT)";
				BUNDLE_LOADER = "$(BUILT_PRODUCTS_DIR)/SystemSound.app/SystemSound";
				FRAMEWORK_SEARCH_PATHS = (
					"$(SDKROOT)/Developer/Library/Frameworks",
					"$(inherited)",
					"$(DEVELOPER_FRAMEWORKS_DIR)",
				);
				GCC_PRECOMPILE_PREFIX_HEADER = YES;
				GCC_PREFIX_HEADER = "SystemSound/SystemSound-Prefix.pch";
				GCC_PREPROCESSOR_DEFINITIONS = (
					"DEBUG=1",
					"$(inherited)",
				);
				INFOPLIST_FILE = "SystemSoundTests/SystemSoundTests-Info.plist";
				PRODUCT_NAME = "$(TARGET_NAME)";
				TEST_HOST = "$(BUNDLE_LOADER)";
				WRAPPER_EXTENSION = xctest;
			};
			name = Debug;
		};
		CA06A94F187A6FDF00C9A56C /* Release */ = {
			isa = XCBuildConfiguration;
			buildSettings = {
				ARCHS = "$(ARCHS_STANDARD_INCLUDING_64_BIT)";
				BUNDLE_LOADER = "$(BUILT_PRODUCTS_DIR)/SystemSound.app/SystemSound";
				FRAMEWORK_SEARCH_PATHS = (
					"$(SDKROOT)/Developer/Library/Frameworks",
					"$(inherited)",
					"$(DEVELOPER_FRAMEWORKS_DIR)",
				);
				GCC_PRECOMPILE_PREFIX_HEADER = YES;
				GCC_PREFIX_HEADER = "SystemSound/SystemSound-Prefix.pch";
				INFOPLIST_FILE = "SystemSoundTests/SystemSoundTests-Info.plist";
				PRODUCT_NAME = "$(TARGET_NAME)";
				TEST_HOST = "$(BUNDLE_LOADER)";
				WRAPPER_EXTENSION = xctest;
			};
			name = Release;
		};
/* End XCBuildConfiguration section */

/* Begin XCConfigurationList section */
		CA06A913187A6FDE00C9A56C /* Build configuration list for PBXProject "SystemSound" */ = {
			isa = XCConfigurationList;
			buildConfigurations = (
				CA06A948187A6FDF00C9A56C /* Debug */,
				CA06A949187A6FDF00C9A56C /* Release */,
			);
			defaultConfigurationIsVisible = 0;
			defaultConfigurationName = Release;
		};
		CA06A94A187A6FDF00C9A56C /* Build configuration list for PBXNativeTarget "SystemSound" */ = {
			isa = XCConfigurationList;
			buildConfigurations = (
				CA06A94B187A6FDF00C9A56C /* Debug */,
				CA06A94C187A6FDF00C9A56C /* Release */,
			);
			defaultConfigurationIsVisible = 0;
		};
		CA06A94D187A6FDF00C9A56C /* Build configuration list for PBXNativeTarget "SystemSoundTests" */ = {
			isa = XCConfigurationList;
			buildConfigurations = (
				CA06A94E187A6FDF00C9A56C /* Debug */,
				CA06A94F187A6FDF00C9A56C /* Release */,
			);
			defaultConfigurationIsVisible = 0;
		};
/* End XCConfigurationList section */
	};
	rootObject = CA06A910187A6FDE00C9A56C /* Project object */;
}
