// !$*UTF8*$!
{
	archiveVersion = 1;
	classes = {
	};
	objectVersion = 46;
	objects = {

/* Begin PBXBuildFile section */
		CA88188E187996BF00879946 /* Foundation.framework in Frameworks */ = {isa = PBXBuildFile; fileRef = CA88188D187996BF00879946 /* Foundation.framework */; };
		CA881890187996BF00879946 /* CoreGraphics.framework in Frameworks */ = {isa = PBXBuildFile; fileRef = CA88188F187996BF00879946 /* CoreGraphics.framework */; };
		CA881892187996BF00879946 /* UIKit.framework in Frameworks */ = {isa = PBXBuildFile; fileRef = CA881891187996BF00879946 /* UIKit.framework */; };
		CA881898187996BF00879946 /* InfoPlist.strings in Resources */ = {isa = PBXBuildFile; fileRef = CA881896187996BF00879946 /* InfoPlist.strings */; };
		CA88189A187996BF00879946 /* main.m in Sources */ = {isa = PBXBuildFile; fileRef = CA881899187996BF00879946 /* main.m */; };
		CA88189E187996BF00879946 /* AppDelegate.m in Sources */ = {isa = PBXBuildFile; fileRef = CA88189D187996BF00879946 /* AppDelegate.m */; };
		CA8818A1187996BF00879946 /* Main.storyboard in Resources */ = {isa = PBXBuildFile; fileRef = CA88189F187996BF00879946 /* Main.storyboard */; };
		CA8818A4187996BF00879946 /* ViewController.m in Sources */ = {isa = PBXBuildFile; fileRef = CA8818A3187996BF00879946 /* ViewController.m */; };
		CA8818A6187996BF00879946 /* Images.xcassets in Resources */ = {isa = PBXBuildFile; fileRef = CA8818A5187996BF00879946 /* Images.xcassets */; };
		CA8818AD187996BF00879946 /* XCTest.framework in Frameworks */ = {isa = PBXBuildFile; fileRef = CA8818AC187996BF00879946 /* XCTest.framework */; };
		CA8818AE187996BF00879946 /* Foundation.framework in Frameworks */ = {isa = PBXBuildFile; fileRef = CA88188D187996BF00879946 /* Foundation.framework */; };
		CA8818AF187996BF00879946 /* UIKit.framework in Frameworks */ = {isa = PBXBuildFile; fileRef = CA881891187996BF00879946 /* UIKit.framework */; };
		CA8818B7187996BF00879946 /* InfoPlist.strings in Resources */ = {isa = PBXBuildFile; fileRef = CA8818B5187996BF00879946 /* InfoPlist.strings */; };
		CA8818B9187996BF00879946 /* Implicit_AnimationTests.m in Sources */ = {isa = PBXBuildFile; fileRef = CA8818B8187996BF00879946 /* Implicit_AnimationTests.m */; };
/* End PBXBuildFile section */

/* Begin PBXContainerItemProxy section */
		CA8818B0187996BF00879946 /* PBXContainerItemProxy */ = {
			isa = PBXContainerItemProxy;
			containerPortal = CA881882187996BF00879946 /* Project object */;
			proxyType = 1;
			remoteGlobalIDString = CA881889187996BF00879946;
			remoteInfo = "Implicit Animation";
		};
/* End PBXContainerItemProxy section */

/* Begin PBXFileReference section */
		CA88188A187996BF00879946 /* Implicit Animation.app */ = {isa = PBXFileReference; explicitFileType = wrapper.application; includeInIndex = 0; path = "Implicit Animation.app"; sourceTree = BUILT_PRODUCTS_DIR; };
		CA88188D187996BF00879946 /* Foundation.framework */ = {isa = PBXFileReference; lastKnownFileType = wrapper.framework; name = Foundation.framework; path = System/Library/Frameworks/Foundation.framework; sourceTree = SDKROOT; };
		CA88188F187996BF00879946 /* CoreGraphics.framework */ = {isa = PBXFileReference; lastKnownFileType = wrapper.framework; name = CoreGraphics.framework; path = System/Library/Frameworks/CoreGraphics.framework; sourceTree = SDKROOT; };
		CA881891187996BF00879946 /* UIKit.framework */ = {isa = PBXFileReference; lastKnownFileType = wrapper.framework; name = UIKit.framework; path = System/Library/Frameworks/UIKit.framework; sourceTree = SDKROOT; };
		CA881895187996BF00879946 /* Implicit Animation-Info.plist */ = {isa = PBXFileReference; lastKnownFileType = text.plist.xml; path = "Implicit Animation-Info.plist"; sourceTree = "<group>"; };
		CA881897187996BF00879946 /* en */ = {isa = PBXFileReference; lastKnownFileType = text.plist.strings; name = en; path = en.lproj/InfoPlist.strings; sourceTree = "<group>"; };
		CA881899187996BF00879946 /* main.m */ = {isa = PBXFileReference; lastKnownFileType = sourcecode.c.objc; path = main.m; sourceTree = "<group>"; };
		CA88189B187996BF00879946 /* Implicit Animation-Prefix.pch */ = {isa = PBXFileReference; lastKnownFileType = sourcecode.c.h; path = "Implicit Animation-Prefix.pch"; sourceTree = "<group>"; };
		CA88189C187996BF00879946 /* AppDelegate.h */ = {isa = PBXFileReference; lastKnownFileType = sourcecode.c.h; path = AppDelegate.h; sourceTree = "<group>"; };
		CA88189D187996BF00879946 /* AppDelegate.m */ = {isa = PBXFileReference; lastKnownFileType = sourcecode.c.objc; path = AppDelegate.m; sourceTree = "<group>"; };
		CA8818A0187996BF00879946 /* Base */ = {isa = PBXFileReference; lastKnownFileType = file.storyboard; name = Base; path = Base.lproj/Main.storyboard; sourceTree = "<group>"; };
		CA8818A2187996BF00879946 /* ViewController.h */ = {isa = PBXFileReference; lastKnownFileType = sourcecode.c.h; path = ViewController.h; sourceTree = "<group>"; };
		CA8818A3187996BF00879946 /* ViewController.m */ = {isa = PBXFileReference; lastKnownFileType = sourcecode.c.objc; path = ViewController.m; sourceTree = "<group>"; };
		CA8818A5187996BF00879946 /* Images.xcassets */ = {isa = PBXFileReference; lastKnownFileType = folder.assetcatalog; path = Images.xcassets; sourceTree = "<group>"; };
		CA8818AB187996BF00879946 /* Implicit AnimationTests.xctest */ = {isa = PBXFileReference; explicitFileType = wrapper.cfbundle; includeInIndex = 0; path = "Implicit AnimationTests.xctest"; sourceTree = BUILT_PRODUCTS_DIR; };
		CA8818AC187996BF00879946 /* XCTest.framework */ = {isa = PBXFileReference; lastKnownFileType = wrapper.framework; name = XCTest.framework; path = Library/Frameworks/XCTest.framework; sourceTree = DEVELOPER_DIR; };
		CA8818B4187996BF00879946 /* Implicit AnimationTests-Info.plist */ = {isa = PBXFileReference; lastKnownFileType = text.plist.xml; path = "Implicit AnimationTests-Info.plist"; sourceTree = "<group>"; };
		CA8818B6187996BF00879946 /* en */ = {isa = PBXFileReference; lastKnownFileType = text.plist.strings; name = en; path = en.lproj/InfoPlist.strings; sourceTree = "<group>"; };
		CA8818B8187996BF00879946 /* Implicit_AnimationTests.m */ = {isa = PBXFileReference; lastKnownFileType = sourcecode.c.objc; path = Implicit_AnimationTests.m; sourceTree = "<group>"; };
/* End PBXFileReference section */

/* Begin PBXFrameworksBuildPhase section */
		CA881887187996BF00879946 /* Frameworks */ = {
			isa = PBXFrameworksBuildPhase;
			buildActionMask = 2147483647;
			files = (
				CA881890187996BF00879946 /* CoreGraphics.framework in Frameworks */,
				CA881892187996BF00879946 /* UIKit.framework in Frameworks */,
				CA88188E187996BF00879946 /* Foundation.framework in Frameworks */,
			);
			runOnlyForDeploymentPostprocessing = 0;
		};
		CA8818A8187996BF00879946 /* Frameworks */ = {
			isa = PBXFrameworksBuildPhase;
			buildActionMask = 2147483647;
			files = (
				CA8818AD187996BF00879946 /* XCTest.framework in Frameworks */,
				CA8818AF187996BF00879946 /* UIKit.framework in Frameworks */,
				CA8818AE187996BF00879946 /* Foundation.framework in Frameworks */,
			);
			runOnlyForDeploymentPostprocessing = 0;
		};
/* End PBXFrameworksBuildPhase section */

/* Begin PBXGroup section */
		CA881881187996BF00879946 = {
			isa = PBXGroup;
			children = (
				CA881893187996BF00879946 /* Implicit Animation */,
				CA8818B2187996BF00879946 /* Implicit AnimationTests */,
				CA88188C187996BF00879946 /* Frameworks */,
				CA88188B187996BF00879946 /* Products */,
			);
			sourceTree = "<group>";
		};
		CA88188B187996BF00879946 /* Products */ = {
			isa = PBXGroup;
			children = (
				CA88188A187996BF00879946 /* Implicit Animation.app */,
				CA8818AB187996BF00879946 /* Implicit AnimationTests.xctest */,
			);
			name = Products;
			sourceTree = "<group>";
		};
		CA88188C187996BF00879946 /* Frameworks */ = {
			isa = PBXGroup;
			children = (
				CA88188D187996BF00879946 /* Foundation.framework */,
				CA88188F187996BF00879946 /* CoreGraphics.framework */,
				CA881891187996BF00879946 /* UIKit.framework */,
				CA8818AC187996BF00879946 /* XCTest.framework */,
			);
			name = Frameworks;
			sourceTree = "<group>";
		};
		CA881893187996BF00879946 /* Implicit Animation */ = {
			isa = PBXGroup;
			children = (
				CA88189C187996BF00879946 /* AppDelegate.h */,
				CA88189D187996BF00879946 /* AppDelegate.m */,
				CA88189F187996BF00879946 /* Main.storyboard */,
				CA8818A2187996BF00879946 /* ViewController.h */,
				CA8818A3187996BF00879946 /* ViewController.m */,
				CA8818A5187996BF00879946 /* Images.xcassets */,
				CA881894187996BF00879946 /* Supporting Files */,
			);
			path = "Implicit Animation";
			sourceTree = "<group>";
		};
		CA881894187996BF00879946 /* Supporting Files */ = {
			isa = PBXGroup;
			children = (
				CA881895187996BF00879946 /* Implicit Animation-Info.plist */,
				CA881896187996BF00879946 /* InfoPlist.strings */,
				CA881899187996BF00879946 /* main.m */,
				CA88189B187996BF00879946 /* Implicit Animation-Prefix.pch */,
			);
			name = "Supporting Files";
			sourceTree = "<group>";
		};
		CA8818B2187996BF00879946 /* Implicit AnimationTests */ = {
			isa = PBXGroup;
			children = (
				CA8818B8187996BF00879946 /* Implicit_AnimationTests.m */,
				CA8818B3187996BF00879946 /* Supporting Files */,
			);
			path = "Implicit AnimationTests";
			sourceTree = "<group>";
		};
		CA8818B3187996BF00879946 /* Supporting Files */ = {
			isa = PBXGroup;
			children = (
				CA8818B4187996BF00879946 /* Implicit AnimationTests-Info.plist */,
				CA8818B5187996BF00879946 /* InfoPlist.strings */,
			);
			name = "Supporting Files";
			sourceTree = "<group>";
		};
/* End PBXGroup section */

/* Begin PBXNativeTarget section */
		CA881889187996BF00879946 /* Implicit Animation */ = {
			isa = PBXNativeTarget;
			buildConfigurationList = CA8818BC187996BF00879946 /* Build configuration list for PBXNativeTarget "Implicit Animation" */;
			buildPhases = (
				CA881886187996BF00879946 /* Sources */,
				CA881887187996BF00879946 /* Frameworks */,
				CA881888187996BF00879946 /* Resources */,
			);
			buildRules = (
			);
			dependencies = (
			);
			name = "Implicit Animation";
			productName = "Implicit Animation";
			productReference = CA88188A187996BF00879946 /* Implicit Animation.app */;
			productType = "com.apple.product-type.application";
		};
		CA8818AA187996BF00879946 /* Implicit AnimationTests */ = {
			isa = PBXNativeTarget;
			buildConfigurationList = CA8818BF187996BF00879946 /* Build configuration list for PBXNativeTarget "Implicit AnimationTests" */;
			buildPhases = (
				CA8818A7187996BF00879946 /* Sources */,
				CA8818A8187996BF00879946 /* Frameworks */,
				CA8818A9187996BF00879946 /* Resources */,
			);
			buildRules = (
			);
			dependencies = (
				CA8818B1187996BF00879946 /* PBXTargetDependency */,
			);
			name = "Implicit AnimationTests";
			productName = "Implicit AnimationTests";
			productReference = CA8818AB187996BF00879946 /* Implicit AnimationTests.xctest */;
			productType = "com.apple.product-type.bundle.unit-test";
		};
/* End PBXNativeTarget section */

/* Begin PBXProject section */
		CA881882187996BF00879946 /* Project object */ = {
			isa = PBXProject;
			attributes = {
				LastUpgradeCheck = 0500;
				ORGANIZATIONNAME = tonyguan;
				TargetAttributes = {
					CA8818AA187996BF00879946 = {
						TestTargetID = CA881889187996BF00879946;
					};
				};
			};
			buildConfigurationList = CA881885187996BF00879946 /* Build configuration list for PBXProject "Implicit Animation" */;
			compatibilityVersion = "Xcode 3.2";
			developmentRegion = English;
			hasScannedForEncodings = 0;
			knownRegions = (
				en,
				Base,
			);
			mainGroup = CA881881187996BF00879946;
			productRefGroup = CA88188B187996BF00879946 /* Products */;
			projectDirPath = "";
			projectRoot = "";
			targets = (
				CA881889187996BF00879946 /* Implicit Animation */,
				CA8818AA187996BF00879946 /* Implicit AnimationTests */,
			);
		};
/* End PBXProject section */

/* Begin PBXResourcesBuildPhase section */
		CA881888187996BF00879946 /* Resources */ = {
			isa = PBXResourcesBuildPhase;
			buildActionMask = 2147483647;
			files = (
				CA8818A6187996BF00879946 /* Images.xcassets in Resources */,
				CA881898187996BF00879946 /* InfoPlist.strings in Resources */,
				CA8818A1187996BF00879946 /* Main.storyboard in Resources */,
			);
			runOnlyForDeploymentPostprocessing = 0;
		};
		CA8818A9187996BF00879946 /* Resources */ = {
			isa = PBXResourcesBuildPhase;
			buildActionMask = 2147483647;
			files = (
				CA8818B7187996BF00879946 /* InfoPlist.strings in Resources */,
			);
			runOnlyForDeploymentPostprocessing = 0;
		};
/* End PBXResourcesBuildPhase section */

/* Begin PBXSourcesBuildPhase section */
		CA881886187996BF00879946 /* Sources */ = {
			isa = PBXSourcesBuildPhase;
			buildActionMask = 2147483647;
			files = (
				CA8818A4187996BF00879946 /* ViewController.m in Sources */,
				CA88189E187996BF00879946 /* AppDelegate.m in Sources */,
				CA88189A187996BF00879946 /* main.m in Sources */,
			);
			runOnlyForDeploymentPostprocessing = 0;
		};
		CA8818A7187996BF00879946 /* Sources */ = {
			isa = PBXSourcesBuildPhase;
			buildActionMask = 2147483647;
			files = (
				CA8818B9187996BF00879946 /* Implicit_AnimationTests.m in Sources */,
			);
			runOnlyForDeploymentPostprocessing = 0;
		};
/* End PBXSourcesBuildPhase section */

/* Begin PBXTargetDependency section */
		CA8818B1187996BF00879946 /* PBXTargetDependency */ = {
			isa = PBXTargetDependency;
			target = CA881889187996BF00879946 /* Implicit Animation */;
			targetProxy = CA8818B0187996BF00879946 /* PBXContainerItemProxy */;
		};
/* End PBXTargetDependency section */

/* Begin PBXVariantGroup section */
		CA881896187996BF00879946 /* InfoPlist.strings */ = {
			isa = PBXVariantGroup;
			children = (
				CA881897187996BF00879946 /* en */,
			);
			name = InfoPlist.strings;
			sourceTree = "<group>";
		};
		CA88189F187996BF00879946 /* Main.storyboard */ = {
			isa = PBXVariantGroup;
			children = (
				CA8818A0187996BF00879946 /* Base */,
			);
			name = Main.storyboard;
			sourceTree = "<group>";
		};
		CA8818B5187996BF00879946 /* InfoPlist.strings */ = {
			isa = PBXVariantGroup;
			children = (
				CA8818B6187996BF00879946 /* en */,
			);
			name = InfoPlist.strings;
			sourceTree = "<group>";
		};
/* End PBXVariantGroup section */

/* Begin XCBuildConfiguration section */
		CA8818BA187996BF00879946 /* Debug */ = {
			isa = XCBuildConfiguration;
			buildSettings = {
				ALWAYS_SEARCH_USER_PATHS = NO;
				ARCHS = "$(ARCHS_STANDARD_INCLUDING_64_BIT)";
				CLANG_CXX_LANGUAGE_STANDARD = "gnu++0x";
				CLANG_CXX_LIBRARY = "libc++";
				CLANG_ENABLE_MODULES = YES;
				CLANG_ENABLE_OBJC_ARC = YES;
				CLANG_WARN_BOOL_CONVERSION = YES;
				CLANG_WARN_CONSTANT_CONVERSION = YES;
				CLANG_WARN_DIRECT_OBJC_ISA_USAGE = YES_ERROR;
				CLANG_WARN_EMPTY_BODY = YES;
				CLANG_WARN_ENUM_CONVERSION = YES;
				CLANG_WARN_INT_CONVERSION = YES;
				CLANG_WARN_OBJC_ROOT_CLASS = YES_ERROR;
				CLANG_WARN__DUPLICATE_METHOD_MATCH = YES;
				"CODE_SIGN_IDENTITY[sdk=iphoneos*]" = "iPhone Developer";
				COPY_PHASE_STRIP = NO;
				GCC_C_LANGUAGE_STANDARD = gnu99;
				GCC_DYNAMIC_NO_PIC = NO;
				GCC_OPTIMIZATION_LEVEL = 0;
				GCC_PREPROCESSOR_DEFINITIONS = (
					"DEBUG=1",
					"$(inherited)",
				);
				GCC_SYMBOLS_PRIVATE_EXTERN = NO;
				GCC_WARN_64_TO_32_BIT_CONVERSION = YES;
				GCC_WARN_ABOUT_RETURN_TYPE = YES_ERROR;
				GCC_WARN_UNDECLARED_SELECTOR = YES;
				GCC_WARN_UNINITIALIZED_AUTOS = YES;
				GCC_WARN_UNUSED_FUNCTION = YES;
				GCC_WARN_UNUSED_VARIABLE = YES;
				IPHONEOS_DEPLOYMENT_TARGET = 7.0;
				ONLY_ACTIVE_ARCH = YES;
				SDKROOT = iphoneos;
			};
			name = Debug;
		};
		CA8818BB187996BF00879946 /* Release */ = {
			isa = XCBuildConfiguration;
			buildSettings = {
				ALWAYS_SEARCH_USER_PATHS = NO;
				ARCHS = "$(ARCHS_STANDARD_INCLUDING_64_BIT)";
				CLANG_CXX_LANGUAGE_STANDARD = "gnu++0x";
				CLANG_CXX_LIBRARY = "libc++";
				CLANG_ENABLE_MODULES = YES;
				CLANG_ENABLE_OBJC_ARC = YES;
				CLANG_WARN_BOOL_CONVERSION = YES;
				CLANG_WARN_CONSTANT_CONVERSION = YES;
				CLANG_WARN_DIRECT_OBJC_ISA_USAGE = YES_ERROR;
				CLANG_WARN_EMPTY_BODY = YES;
				CLANG_WARN_ENUM_CONVERSION = YES;
				CLANG_WARN_INT_CONVERSION = YES;
				CLANG_WARN_OBJC_ROOT_CLASS = YES_ERROR;
				CLANG_WARN__DUPLICATE_METHOD_MATCH = YES;
				"CODE_SIGN_IDENTITY[sdk=iphoneos*]" = "iPhone Developer";
				COPY_PHASE_STRIP = YES;
				ENABLE_NS_ASSERTIONS = NO;
				GCC_C_LANGUAGE_STANDARD = gnu99;
				GCC_WARN_64_TO_32_BIT_CONVERSION = YES;
				GCC_WARN_ABOUT_RETURN_TYPE = YES_ERROR;
				GCC_WARN_UNDECLARED_SELECTOR = YES;
				GCC_WARN_UNINITIALIZED_AUTOS = YES;
				GCC_WARN_UNUSED_FUNCTION = YES;
				GCC_WARN_UNUSED_VARIABLE = YES;
				IPHONEOS_DEPLOYMENT_TARGET = 7.0;
				SDKROOT = iphoneos;
				VALIDATE_PRODUCT = YES;
			};
			name = Release;
		};
		CA8818BD187996BF00879946 /* Debug */ = {
			isa = XCBuildConfiguration;
			buildSettings = {
				ASSETCATALOG_COMPILER_APPICON_NAME = AppIcon;
				ASSETCATALOG_COMPILER_LAUNCHIMAGE_NAME = LaunchImage;
				GCC_PRECOMPILE_PREFIX_HEADER = YES;
				GCC_PREFIX_HEADER = "Implicit Animation/Implicit Animation-Prefix.pch";
				INFOPLIST_FILE = "Implicit Animation/Implicit Animation-Info.plist";
				PRODUCT_NAME = "$(TARGET_NAME)";
				WRAPPER_EXTENSION = app;
			};
			name = Debug;
		};
		CA8818BE187996BF00879946 /* Release */ = {
			isa = XCBuildConfiguration;
			buildSettings = {
				ASSETCATALOG_COMPILER_APPICON_NAME = AppIcon;
				ASSETCATALOG_COMPILER_LAUNCHIMAGE_NAME = LaunchImage;
				GCC_PRECOMPILE_PREFIX_HEADER = YES;
				GCC_PREFIX_HEADER = "Implicit Animation/Implicit Animation-Prefix.pch";
				INFOPLIST_FILE = "Implicit Animation/Implicit Animation-Info.plist";
				PRODUCT_NAME = "$(TARGET_NAME)";
				WRAPPER_EXTENSION = app;
			};
			name = Release;
		};
		CA8818C0187996BF00879946 /* Debug */ = {
			isa = XCBuildConfiguration;
			buildSettings = {
				ARCHS = "$(ARCHS_STANDARD_INCLUDING_64_BIT)";
				BUNDLE_LOADER = "$(BUILT_PRODUCTS_DIR)/Implicit Animation.app/Implicit Animation";
				FRAMEWORK_SEARCH_PATHS = (
					"$(SDKROOT)/Developer/Library/Frameworks",
					"$(inherited)",
					"$(DEVELOPER_FRAMEWORKS_DIR)",
				);
				GCC_PRECOMPILE_PREFIX_HEADER = YES;
				GCC_PREFIX_HEADER = "Implicit Animation/Implicit Animation-Prefix.pch";
				GCC_PREPROCESSOR_DEFINITIONS = (
					"DEBUG=1",
					"$(inherited)",
				);
				INFOPLIST_FILE = "Implicit AnimationTests/Implicit AnimationTests-Info.plist";
				PRODUCT_NAME = "$(TARGET_NAME)";
				TEST_HOST = "$(BUNDLE_LOADER)";
				WRAPPER_EXTENSION = xctest;
			};
			name = Debug;
		};
		CA8818C1187996BF00879946 /* Release */ = {
			isa = XCBuildConfiguration;
			buildSettings = {
				ARCHS = "$(ARCHS_STANDARD_INCLUDING_64_BIT)";
				BUNDLE_LOADER = "$(BUILT_PRODUCTS_DIR)/Implicit Animation.app/Implicit Animation";
				FRAMEWORK_SEARCH_PATHS = (
					"$(SDKROOT)/Developer/Library/Frameworks",
					"$(inherited)",
					"$(DEVELOPER_FRAMEWORKS_DIR)",
				);
				GCC_PRECOMPILE_PREFIX_HEADER = YES;
				GCC_PREFIX_HEADER = "Implicit Animation/Implicit Animation-Prefix.pch";
				INFOPLIST_FILE = "Implicit AnimationTests/Implicit AnimationTests-Info.plist";
				PRODUCT_NAME = "$(TARGET_NAME)";
				TEST_HOST = "$(BUNDLE_LOADER)";
				WRAPPER_EXTENSION = xctest;
			};
			name = Release;
		};
/* End XCBuildConfiguration section */

/* Begin XCConfigurationList section */
		CA881885187996BF00879946 /* Build configuration list for PBXProject "Implicit Animation" */ = {
			isa = XCConfigurationList;
			buildConfigurations = (
				CA8818BA187996BF00879946 /* Debug */,
				CA8818BB187996BF00879946 /* Release */,
			);
			defaultConfigurationIsVisible = 0;
			defaultConfigurationName = Release;
		};
		CA8818BC187996BF00879946 /* Build configuration list for PBXNativeTarget "Implicit Animation" */ = {
			isa = XCConfigurationList;
			buildConfigurations = (
				CA8818BD187996BF00879946 /* Debug */,
				CA8818BE187996BF00879946 /* Release */,
			);
			defaultConfigurationIsVisible = 0;
		};
		CA8818BF187996BF00879946 /* Build configuration list for PBXNativeTarget "Implicit AnimationTests" */ = {
			isa = XCConfigurationList;
			buildConfigurations = (
				CA8818C0187996BF00879946 /* Debug */,
				CA8818C1187996BF00879946 /* Release */,
			);
			defaultConfigurationIsVisible = 0;
		};
/* End XCConfigurationList section */
	};
	rootObject = CA881882187996BF00879946 /* Project object */;
}
